Microsoft Visual Studio Solution File, Format Version 12.00
# Visual Studio 14
Project("{8BC9CEB8-8B4A-11D0-8D11-00A0C91BC942}") = "ALL_BUILD", "ALL_BUILD.vcxproj", "{D92B1185-A123-3659-9624-3B3508391396}"
	ProjectSection(ProjectDependencies) = postProject
		{7CE8C375-1F36-3E53-88F6-33D6DFFDB911} = {7CE8C375-1F36-3E53-88F6-33D6DFFDB911}
		{3AF0A7DC-FA39-37BB-B179-25A65EA81210} = {3AF0A7DC-FA39-37BB-B179-25A65EA81210}
		{4FF64377-35B5-3CA7-B892-7C6477AFFD4E} = {4FF64377-35B5-3CA7-B892-7C6477AFFD4E}
		{42C69166-8D7C-3448-ADEC-617C17CFD048} = {42C69166-8D7C-3448-ADEC-617C17CFD048}
		{89B73047-4D35-3E2A-AD55-5A45E871FDF6} = {89B73047-4D35-3E2A-AD55-5A45E871FDF6}
		{CBC075A0-884A-3512-8092-409B0333B3BF} = {CBC075A0-884A-3512-8092-409B0333B3BF}
		{6DA5E2C4-E22E-3AA8-9875-C986F1FFEA53} = {6DA5E2C4-E22E-3AA8-9875-C986F1FFEA53}
		{378E5641-6751-347F-8445-C9AEA4963ADA} = {378E5641-6751-347F-8445-C9AEA4963ADA}
		{322E2425-E9E2-3B73-BD37-49E38863B54C} = {322E2425-E9E2-3B73-BD37-49E38863B54C}
		{D1924FD3-86E5-374E-9788-1A43B7691181} = {D1924FD3-86E5-374E-9788-1A43B7691181}
		{EA059A4B-3F69-3B08-9C52-4DBC81E412AD} = {EA059A4B-3F69-3B08-9C52-4DBC81E412AD}
		{C24E10F2-9C9F-3C33-A061-36C3E1617B38} = {C24E10F2-9C9F-3C33-A061-36C3E1617B38}
		{05861621-9921-30AC-813F-DFF4B6263C71} = {05861621-9921-30AC-813F-DFF4B6263C71}
		{7F0A2747-53AF-3395-BC97-578DC2FE3F27} = {7F0A2747-53AF-3395-BC97-578DC2FE3F27}
		{2D0CC561-3290-32D9-AE51-A8E26B79F6C6} = {2D0CC561-3290-32D9-AE51-A8E26B79F6C6}
		{912705C4-5099-32E1-897D-5346E2810DD9} = {912705C4-5099-32E1-897D-5346E2810DD9}
		{091637D5-3262-313F-B37B-D6AAA50FD58F} = {091637D5-3262-313F-B37B-D6AAA50FD58F}
		{0FD94AB8-3C93-335B-9EFC-949F3F5BD8C7} = {0FD94AB8-3C93-335B-9EFC-949F3F5BD8C7}
		{C83D220C-93BB-3451-8D8A-1EC201160F07} = {C83D220C-93BB-3451-8D8A-1EC201160F07}
		{345D7E6E-7CF5-37E1-9493-5324AC26BE77} = {345D7E6E-7CF5-37E1-9493-5324AC26BE77}
		{807D3E1F-289A-3AF7-9841-634A1FBCFABA} = {807D3E1F-289A-3AF7-9841-634A1FBCFABA}
		{00540FD5-C370-345B-BE3D-458DEB5EF6AB} = {00540FD5-C370-345B-BE3D-458DEB5EF6AB}
		{74568BBD-D7C3-34A6-A9FE-4208BAFCEC0B} = {74568BBD-D7C3-34A6-A9FE-4208BAFCEC0B}
		{C9A60321-54B3-321B-AD4F-254D98175427} = {C9A60321-54B3-321B-AD4F-254D98175427}
	EndProjectSection
EndProject
Project("{8BC9CEB8-8B4A-11D0-8D11-00A0C91BC942}") = "AppNative", "src\AppNative\AppNative.vcxproj", "{7CE8C375-1F36-3E53-88F6-33D6DFFDB911}"
	ProjectSection(ProjectDependencies) = postProject
		{C9A60321-54B3-321B-AD4F-254D98175427} = {C9A60321-54B3-321B-AD4F-254D98175427}
	EndProjectSection
EndProject
Project("{8BC9CEB8-8B4A-11D0-8D11-00A0C91BC942}") = "Audio", "src\Audio\Audio.vcxproj", "{3AF0A7DC-FA39-37BB-B179-25A65EA81210}"
	ProjectSection(ProjectDependencies) = postProject
		{C9A60321-54B3-321B-AD4F-254D98175427} = {C9A60321-54B3-321B-AD4F-254D98175427}
	EndProjectSection
EndProject
Project("{8BC9CEB8-8B4A-11D0-8D11-00A0C91BC942}") = "CatmullRom", "src\CatmullRom\CatmullRom.vcxproj", "{4FF64377-35B5-3CA7-B892-7C6477AFFD4E}"
	ProjectSection(ProjectDependencies) = postProject
		{C9A60321-54B3-321B-AD4F-254D98175427} = {C9A60321-54B3-321B-AD4F-254D98175427}
	EndProjectSection
EndProject
Project("{8BC9CEB8-8B4A-11D0-8D11-00A0C91BC942}") = "Color", "src\Color\Color.vcxproj", "{42C69166-8D7C-3448-ADEC-617C17CFD048}"
	ProjectSection(ProjectDependencies) = postProject
		{C9A60321-54B3-321B-AD4F-254D98175427} = {C9A60321-54B3-321B-AD4F-254D98175427}
	EndProjectSection
EndProject
Project("{8BC9CEB8-8B4A-11D0-8D11-00A0C91BC942}") = "Connection", "src\Connection.vcxproj", "{89B73047-4D35-3E2A-AD55-5A45E871FDF6}"
	ProjectSection(ProjectDependencies) = postProject
		{7CE8C375-1F36-3E53-88F6-33D6DFFDB911} = {7CE8C375-1F36-3E53-88F6-33D6DFFDB911}
		{3AF0A7DC-FA39-37BB-B179-25A65EA81210} = {3AF0A7DC-FA39-37BB-B179-25A65EA81210}
		{4FF64377-35B5-3CA7-B892-7C6477AFFD4E} = {4FF64377-35B5-3CA7-B892-7C6477AFFD4E}
		{42C69166-8D7C-3448-ADEC-617C17CFD048} = {42C69166-8D7C-3448-ADEC-617C17CFD048}
		{CBC075A0-884A-3512-8092-409B0333B3BF} = {CBC075A0-884A-3512-8092-409B0333B3BF}
		{6DA5E2C4-E22E-3AA8-9875-C986F1FFEA53} = {6DA5E2C4-E22E-3AA8-9875-C986F1FFEA53}
		{378E5641-6751-347F-8445-C9AEA4963ADA} = {378E5641-6751-347F-8445-C9AEA4963ADA}
		{322E2425-E9E2-3B73-BD37-49E38863B54C} = {322E2425-E9E2-3B73-BD37-49E38863B54C}
		{D1924FD3-86E5-374E-9788-1A43B7691181} = {D1924FD3-86E5-374E-9788-1A43B7691181}
		{EA059A4B-3F69-3B08-9C52-4DBC81E412AD} = {EA059A4B-3F69-3B08-9C52-4DBC81E412AD}
		{C24E10F2-9C9F-3C33-A061-36C3E1617B38} = {C24E10F2-9C9F-3C33-A061-36C3E1617B38}
		{05861621-9921-30AC-813F-DFF4B6263C71} = {05861621-9921-30AC-813F-DFF4B6263C71}
		{7F0A2747-53AF-3395-BC97-578DC2FE3F27} = {7F0A2747-53AF-3395-BC97-578DC2FE3F27}
		{2D0CC561-3290-32D9-AE51-A8E26B79F6C6} = {2D0CC561-3290-32D9-AE51-A8E26B79F6C6}
		{912705C4-5099-32E1-897D-5346E2810DD9} = {912705C4-5099-32E1-897D-5346E2810DD9}
		{091637D5-3262-313F-B37B-D6AAA50FD58F} = {091637D5-3262-313F-B37B-D6AAA50FD58F}
		{0FD94AB8-3C93-335B-9EFC-949F3F5BD8C7} = {0FD94AB8-3C93-335B-9EFC-949F3F5BD8C7}
		{C83D220C-93BB-3451-8D8A-1EC201160F07} = {C83D220C-93BB-3451-8D8A-1EC201160F07}
		{345D7E6E-7CF5-37E1-9493-5324AC26BE77} = {345D7E6E-7CF5-37E1-9493-5324AC26BE77}
		{807D3E1F-289A-3AF7-9841-634A1FBCFABA} = {807D3E1F-289A-3AF7-9841-634A1FBCFABA}
		{00540FD5-C370-345B-BE3D-458DEB5EF6AB} = {00540FD5-C370-345B-BE3D-458DEB5EF6AB}
		{74568BBD-D7C3-34A6-A9FE-4208BAFCEC0B} = {74568BBD-D7C3-34A6-A9FE-4208BAFCEC0B}
		{C9A60321-54B3-321B-AD4F-254D98175427} = {C9A60321-54B3-321B-AD4F-254D98175427}
	EndProjectSection
EndProject
Project("{8BC9CEB8-8B4A-11D0-8D11-00A0C91BC942}") = "Fade", "src\Fade\Fade.vcxproj", "{CBC075A0-884A-3512-8092-409B0333B3BF}"
	ProjectSection(ProjectDependencies) = postProject
		{C9A60321-54B3-321B-AD4F-254D98175427} = {C9A60321-54B3-321B-AD4F-254D98175427}
	EndProjectSection
EndProject
Project("{8BC9CEB8-8B4A-11D0-8D11-00A0C91BC942}") = "Font", "src\Font\Font.vcxproj", "{6DA5E2C4-E22E-3AA8-9875-C986F1FFEA53}"
	ProjectSection(ProjectDependencies) = postProject
		{C9A60321-54B3-321B-AD4F-254D98175427} = {C9A60321-54B3-321B-AD4F-254D98175427}
	EndProjectSection
EndProject
Project("{8BC9CEB8-8B4A-11D0-8D11-00A0C91BC942}") = "Game", "src\Game\Game.vcxproj", "{378E5641-6751-347F-8445-C9AEA4963ADA}"
	ProjectSection(ProjectDependencies) = postProject
		{C9A60321-54B3-321B-AD4F-254D98175427} = {C9A60321-54B3-321B-AD4F-254D98175427}
	EndProjectSection
EndProject
Project("{8BC9CEB8-8B4A-11D0-8D11-00A0C91BC942}") = "Graphic", "src\Graphic\Graphic.vcxproj", "{322E2425-E9E2-3B73-BD37-49E38863B54C}"
	ProjectSection(ProjectDependencies) = postProject
		{C9A60321-54B3-321B-AD4F-254D98175427} = {C9A60321-54B3-321B-AD4F-254D98175427}
	EndProjectSection
EndProject
Project("{8BC9CEB8-8B4A-11D0-8D11-00A0C91BC942}") = "Key", "src\Key\Key.vcxproj", "{D1924FD3-86E5-374E-9788-1A43B7691181}"
	ProjectSection(ProjectDependencies) = postProject
		{C9A60321-54B3-321B-AD4F-254D98175427} = {C9A60321-54B3-321B-AD4F-254D98175427}
	EndProjectSection
EndProject
Project("{8BC9CEB8-8B4A-11D0-8D11-00A0C91BC942}") = "LoadPath", "src\LoadPath\LoadPath.vcxproj", "{EA059A4B-3F69-3B08-9C52-4DBC81E412AD}"
	ProjectSection(ProjectDependencies) = postProject
		{C9A60321-54B3-321B-AD4F-254D98175427} = {C9A60321-54B3-321B-AD4F-254D98175427}
	EndProjectSection
EndProject
Project("{8BC9CEB8-8B4A-11D0-8D11-00A0C91BC942}") = "MainCamera", "src\MainCamera\MainCamera.vcxproj", "{C24E10F2-9C9F-3C33-A061-36C3E1617B38}"
	ProjectSection(ProjectDependencies) = postProject
		{C9A60321-54B3-321B-AD4F-254D98175427} = {C9A60321-54B3-321B-AD4F-254D98175427}
	EndProjectSection
EndProject
Project("{8BC9CEB8-8B4A-11D0-8D11-00A0C91BC942}") = "Mouse", "src\Mouse\Mouse.vcxproj", "{05861621-9921-30AC-813F-DFF4B6263C71}"
	ProjectSection(ProjectDependencies) = postProject
		{C9A60321-54B3-321B-AD4F-254D98175427} = {C9A60321-54B3-321B-AD4F-254D98175427}
	EndProjectSection
EndProject
Project("{8BC9CEB8-8B4A-11D0-8D11-00A0C91BC942}") = "Noncopyable", "src\Noncopyable\Noncopyable.vcxproj", "{7F0A2747-53AF-3395-BC97-578DC2FE3F27}"
	ProjectSection(ProjectDependencies) = postProject
		{C9A60321-54B3-321B-AD4F-254D98175427} = {C9A60321-54B3-321B-AD4F-254D98175427}
	EndProjectSection
EndProject
Project("{8BC9CEB8-8B4A-11D0-8D11-00A0C91BC942}") = "Random", "src\Random\Random.vcxproj", "{2D0CC561-3290-32D9-AE51-A8E26B79F6C6}"
	ProjectSection(ProjectDependencies) = postProject
		{C9A60321-54B3-321B-AD4F-254D98175427} = {C9A60321-54B3-321B-AD4F-254D98175427}
	EndProjectSection
EndProject
Project("{8BC9CEB8-8B4A-11D0-8D11-00A0C91BC942}") = "Rect", "src\Rect\Rect.vcxproj", "{912705C4-5099-32E1-897D-5346E2810DD9}"
	ProjectSection(ProjectDependencies) = postProject
		{C9A60321-54B3-321B-AD4F-254D98175427} = {C9A60321-54B3-321B-AD4F-254D98175427}
	EndProjectSection
EndProject
Project("{8BC9CEB8-8B4A-11D0-8D11-00A0C91BC942}") = "Scene", "src\Scene\Scene.vcxproj", "{091637D5-3262-313F-B37B-D6AAA50FD58F}"
	ProjectSection(ProjectDependencies) = postProject
		{C9A60321-54B3-321B-AD4F-254D98175427} = {C9A60321-54B3-321B-AD4F-254D98175427}
	EndProjectSection
EndProject
Project("{8BC9CEB8-8B4A-11D0-8D11-00A0C91BC942}") = "Tcp", "src\Tcp\Tcp.vcxproj", "{0FD94AB8-3C93-335B-9EFC-949F3F5BD8C7}"
	ProjectSection(ProjectDependencies) = postProject
		{C9A60321-54B3-321B-AD4F-254D98175427} = {C9A60321-54B3-321B-AD4F-254D98175427}
	EndProjectSection
EndProject
Project("{8BC9CEB8-8B4A-11D0-8D11-00A0C91BC942}") = "Title", "src\Title\Title.vcxproj", "{C83D220C-93BB-3451-8D8A-1EC201160F07}"
	ProjectSection(ProjectDependencies) = postProject
		{C9A60321-54B3-321B-AD4F-254D98175427} = {C9A60321-54B3-321B-AD4F-254D98175427}
	EndProjectSection
EndProject
Project("{8BC9CEB8-8B4A-11D0-8D11-00A0C91BC942}") = "TweakBar", "src\TweakBar\TweakBar.vcxproj", "{345D7E6E-7CF5-37E1-9493-5324AC26BE77}"
	ProjectSection(ProjectDependencies) = postProject
		{C9A60321-54B3-321B-AD4F-254D98175427} = {C9A60321-54B3-321B-AD4F-254D98175427}
	EndProjectSection
EndProject
Project("{8BC9CEB8-8B4A-11D0-8D11-00A0C91BC942}") = "Udp", "src\Udp\Udp.vcxproj", "{807D3E1F-289A-3AF7-9841-634A1FBCFABA}"
	ProjectSection(ProjectDependencies) = postProject
		{C9A60321-54B3-321B-AD4F-254D98175427} = {C9A60321-54B3-321B-AD4F-254D98175427}
	EndProjectSection
EndProject
Project("{8BC9CEB8-8B4A-11D0-8D11-00A0C91BC942}") = "Utility", "src\Utility\Utility.vcxproj", "{00540FD5-C370-345B-BE3D-458DEB5EF6AB}"
	ProjectSection(ProjectDependencies) = postProject
		{C9A60321-54B3-321B-AD4F-254D98175427} = {C9A60321-54B3-321B-AD4F-254D98175427}
	EndProjectSection
EndProject
Project("{8BC9CEB8-8B4A-11D0-8D11-00A0C91BC942}") = "Vector", "src\Vector\Vector.vcxproj", "{74568BBD-D7C3-34A6-A9FE-4208BAFCEC0B}"
	ProjectSection(ProjectDependencies) = postProject
		{C9A60321-54B3-321B-AD4F-254D98175427} = {C9A60321-54B3-321B-AD4F-254D98175427}
	EndProjectSection
EndProject
Project("{8BC9CEB8-8B4A-11D0-8D11-00A0C91BC942}") = "ZERO_CHECK", "ZERO_CHECK.vcxproj", "{C9A60321-54B3-321B-AD4F-254D98175427}"
	ProjectSection(ProjectDependencies) = postProject
	EndProjectSection
EndProject
Global
	GlobalSection(SolutionConfigurationPlatforms) = preSolution
		Debug|x64 = Debug|x64
		Release|x64 = Release|x64
		MinSizeRel|x64 = MinSizeRel|x64
		RelWithDebInfo|x64 = RelWithDebInfo|x64
	EndGlobalSection
	GlobalSection(ProjectConfigurationPlatforms) = postSolution
		{D92B1185-A123-3659-9624-3B3508391396}.Debug|x64.ActiveCfg = Debug|x64
		{D92B1185-A123-3659-9624-3B3508391396}.Release|x64.ActiveCfg = Release|x64
		{D92B1185-A123-3659-9624-3B3508391396}.MinSizeRel|x64.ActiveCfg = MinSizeRel|x64
		{D92B1185-A123-3659-9624-3B3508391396}.RelWithDebInfo|x64.ActiveCfg = RelWithDebInfo|x64
		{7CE8C375-1F36-3E53-88F6-33D6DFFDB911}.Debug|x64.ActiveCfg = Debug|x64
		{7CE8C375-1F36-3E53-88F6-33D6DFFDB911}.Debug|x64.Build.0 = Debug|x64
		{7CE8C375-1F36-3E53-88F6-33D6DFFDB911}.Release|x64.ActiveCfg = Release|x64
		{7CE8C375-1F36-3E53-88F6-33D6DFFDB911}.Release|x64.Build.0 = Release|x64
		{7CE8C375-1F36-3E53-88F6-33D6DFFDB911}.MinSizeRel|x64.ActiveCfg = MinSizeRel|x64
		{7CE8C375-1F36-3E53-88F6-33D6DFFDB911}.MinSizeRel|x64.Build.0 = MinSizeRel|x64
		{7CE8C375-1F36-3E53-88F6-33D6DFFDB911}.RelWithDebInfo|x64.ActiveCfg = RelWithDebInfo|x64
		{7CE8C375-1F36-3E53-88F6-33D6DFFDB911}.RelWithDebInfo|x64.Build.0 = RelWithDebInfo|x64
		{3AF0A7DC-FA39-37BB-B179-25A65EA81210}.Debug|x64.ActiveCfg = Debug|x64
		{3AF0A7DC-FA39-37BB-B179-25A65EA81210}.Debug|x64.Build.0 = Debug|x64
		{3AF0A7DC-FA39-37BB-B179-25A65EA81210}.Release|x64.ActiveCfg = Release|x64
		{3AF0A7DC-FA39-37BB-B179-25A65EA81210}.Release|x64.Build.0 = Release|x64
		{3AF0A7DC-FA39-37BB-B179-25A65EA81210}.MinSizeRel|x64.ActiveCfg = MinSizeRel|x64
		{3AF0A7DC-FA39-37BB-B179-25A65EA81210}.MinSizeRel|x64.Build.0 = MinSizeRel|x64
		{3AF0A7DC-FA39-37BB-B179-25A65EA81210}.RelWithDebInfo|x64.ActiveCfg = RelWithDebInfo|x64
		{3AF0A7DC-FA39-37BB-B179-25A65EA81210}.RelWithDebInfo|x64.Build.0 = RelWithDebInfo|x64
		{4FF64377-35B5-3CA7-B892-7C6477AFFD4E}.Debug|x64.ActiveCfg = Debug|x64
		{4FF64377-35B5-3CA7-B892-7C6477AFFD4E}.Debug|x64.Build.0 = Debug|x64
		{4FF64377-35B5-3CA7-B892-7C6477AFFD4E}.Release|x64.ActiveCfg = Release|x64
		{4FF64377-35B5-3CA7-B892-7C6477AFFD4E}.Release|x64.Build.0 = Release|x64
		{4FF64377-35B5-3CA7-B892-7C6477AFFD4E}.MinSizeRel|x64.ActiveCfg = MinSizeRel|x64
		{4FF64377-35B5-3CA7-B892-7C6477AFFD4E}.MinSizeRel|x64.Build.0 = MinSizeRel|x64
		{4FF64377-35B5-3CA7-B892-7C6477AFFD4E}.RelWithDebInfo|x64.ActiveCfg = RelWithDebInfo|x64
		{4FF64377-35B5-3CA7-B892-7C6477AFFD4E}.RelWithDebInfo|x64.Build.0 = RelWithDebInfo|x64
		{42C69166-8D7C-3448-ADEC-617C17CFD048}.Debug|x64.ActiveCfg = Debug|x64
		{42C69166-8D7C-3448-ADEC-617C17CFD048}.Debug|x64.Build.0 = Debug|x64
		{42C69166-8D7C-3448-ADEC-617C17CFD048}.Release|x64.ActiveCfg = Release|x64
		{42C69166-8D7C-3448-ADEC-617C17CFD048}.Release|x64.Build.0 = Release|x64
		{42C69166-8D7C-3448-ADEC-617C17CFD048}.MinSizeRel|x64.ActiveCfg = MinSizeRel|x64
		{42C69166-8D7C-3448-ADEC-617C17CFD048}.MinSizeRel|x64.Build.0 = MinSizeRel|x64
		{42C69166-8D7C-3448-ADEC-617C17CFD048}.RelWithDebInfo|x64.ActiveCfg = RelWithDebInfo|x64
		{42C69166-8D7C-3448-ADEC-617C17CFD048}.RelWithDebInfo|x64.Build.0 = RelWithDebInfo|x64
		{89B73047-4D35-3E2A-AD55-5A45E871FDF6}.Debug|x64.ActiveCfg = Debug|x64
		{89B73047-4D35-3E2A-AD55-5A45E871FDF6}.Debug|x64.Build.0 = Debug|x64
		{89B73047-4D35-3E2A-AD55-5A45E871FDF6}.Release|x64.ActiveCfg = Release|x64
		{89B73047-4D35-3E2A-AD55-5A45E871FDF6}.Release|x64.Build.0 = Release|x64
		{89B73047-4D35-3E2A-AD55-5A45E871FDF6}.MinSizeRel|x64.ActiveCfg = MinSizeRel|x64
		{89B73047-4D35-3E2A-AD55-5A45E871FDF6}.MinSizeRel|x64.Build.0 = MinSizeRel|x64
		{89B73047-4D35-3E2A-AD55-5A45E871FDF6}.RelWithDebInfo|x64.ActiveCfg = RelWithDebInfo|x64
		{89B73047-4D35-3E2A-AD55-5A45E871FDF6}.RelWithDebInfo|x64.Build.0 = RelWithDebInfo|x64
		{CBC075A0-884A-3512-8092-409B0333B3BF}.Debug|x64.ActiveCfg = Debug|x64
		{CBC075A0-884A-3512-8092-409B0333B3BF}.Debug|x64.Build.0 = Debug|x64
		{CBC075A0-884A-3512-8092-409B0333B3BF}.Release|x64.ActiveCfg = Release|x64
		{CBC075A0-884A-3512-8092-409B0333B3BF}.Release|x64.Build.0 = Release|x64
		{CBC075A0-884A-3512-8092-409B0333B3BF}.MinSizeRel|x64.ActiveCfg = MinSizeRel|x64
		{CBC075A0-884A-3512-8092-409B0333B3BF}.MinSizeRel|x64.Build.0 = MinSizeRel|x64
		{CBC075A0-884A-3512-8092-409B0333B3BF}.RelWithDebInfo|x64.ActiveCfg = RelWithDebInfo|x64
		{CBC075A0-884A-3512-8092-409B0333B3BF}.RelWithDebInfo|x64.Build.0 = RelWithDebInfo|x64
		{6DA5E2C4-E22E-3AA8-9875-C986F1FFEA53}.Debug|x64.ActiveCfg = Debug|x64
		{6DA5E2C4-E22E-3AA8-9875-C986F1FFEA53}.Debug|x64.Build.0 = Debug|x64
		{6DA5E2C4-E22E-3AA8-9875-C986F1FFEA53}.Release|x64.ActiveCfg = Release|x64
		{6DA5E2C4-E22E-3AA8-9875-C986F1FFEA53}.Release|x64.Build.0 = Release|x64
		{6DA5E2C4-E22E-3AA8-9875-C986F1FFEA53}.MinSizeRel|x64.ActiveCfg = MinSizeRel|x64
		{6DA5E2C4-E22E-3AA8-9875-C986F1FFEA53}.MinSizeRel|x64.Build.0 = MinSizeRel|x64
		{6DA5E2C4-E22E-3AA8-9875-C986F1FFEA53}.RelWithDebInfo|x64.ActiveCfg = RelWithDebInfo|x64
		{6DA5E2C4-E22E-3AA8-9875-C986F1FFEA53}.RelWithDebInfo|x64.Build.0 = RelWithDebInfo|x64
		{378E5641-6751-347F-8445-C9AEA4963ADA}.Debug|x64.ActiveCfg = Debug|x64
		{378E5641-6751-347F-8445-C9AEA4963ADA}.Debug|x64.Build.0 = Debug|x64
		{378E5641-6751-347F-8445-C9AEA4963ADA}.Release|x64.ActiveCfg = Release|x64
		{378E5641-6751-347F-8445-C9AEA4963ADA}.Release|x64.Build.0 = Release|x64
		{378E5641-6751-347F-8445-C9AEA4963ADA}.MinSizeRel|x64.ActiveCfg = MinSizeRel|x64
		{378E5641-6751-347F-8445-C9AEA4963ADA}.MinSizeRel|x64.Build.0 = MinSizeRel|x64
		{378E5641-6751-347F-8445-C9AEA4963ADA}.RelWithDebInfo|x64.ActiveCfg = RelWithDebInfo|x64
		{378E5641-6751-347F-8445-C9AEA4963ADA}.RelWithDebInfo|x64.Build.0 = RelWithDebInfo|x64
		{322E2425-E9E2-3B73-BD37-49E38863B54C}.Debug|x64.ActiveCfg = Debug|x64
		{322E2425-E9E2-3B73-BD37-49E38863B54C}.Debug|x64.Build.0 = Debug|x64
		{322E2425-E9E2-3B73-BD37-49E38863B54C}.Release|x64.ActiveCfg = Release|x64
		{322E2425-E9E2-3B73-BD37-49E38863B54C}.Release|x64.Build.0 = Release|x64
		{322E2425-E9E2-3B73-BD37-49E38863B54C}.MinSizeRel|x64.ActiveCfg = MinSizeRel|x64
		{322E2425-E9E2-3B73-BD37-49E38863B54C}.MinSizeRel|x64.Build.0 = MinSizeRel|x64
		{322E2425-E9E2-3B73-BD37-49E38863B54C}.RelWithDebInfo|x64.ActiveCfg = RelWithDebInfo|x64
		{322E2425-E9E2-3B73-BD37-49E38863B54C}.RelWithDebInfo|x64.Build.0 = RelWithDebInfo|x64
		{D1924FD3-86E5-374E-9788-1A43B7691181}.Debug|x64.ActiveCfg = Debug|x64
		{D1924FD3-86E5-374E-9788-1A43B7691181}.Debug|x64.Build.0 = Debug|x64
		{D1924FD3-86E5-374E-9788-1A43B7691181}.Release|x64.ActiveCfg = Release|x64
		{D1924FD3-86E5-374E-9788-1A43B7691181}.Release|x64.Build.0 = Release|x64
		{D1924FD3-86E5-374E-9788-1A43B7691181}.MinSizeRel|x64.ActiveCfg = MinSizeRel|x64
		{D1924FD3-86E5-374E-9788-1A43B7691181}.MinSizeRel|x64.Build.0 = MinSizeRel|x64
		{D1924FD3-86E5-374E-9788-1A43B7691181}.RelWithDebInfo|x64.ActiveCfg = RelWithDebInfo|x64
		{D1924FD3-86E5-374E-9788-1A43B7691181}.RelWithDebInfo|x64.Build.0 = RelWithDebInfo|x64
		{EA059A4B-3F69-3B08-9C52-4DBC81E412AD}.Debug|x64.ActiveCfg = Debug|x64
		{EA059A4B-3F69-3B08-9C52-4DBC81E412AD}.Debug|x64.Build.0 = Debug|x64
		{EA059A4B-3F69-3B08-9C52-4DBC81E412AD}.Release|x64.ActiveCfg = Release|x64
		{EA059A4B-3F69-3B08-9C52-4DBC81E412AD}.Release|x64.Build.0 = Release|x64
		{EA059A4B-3F69-3B08-9C52-4DBC81E412AD}.MinSizeRel|x64.ActiveCfg = MinSizeRel|x64
		{EA059A4B-3F69-3B08-9C52-4DBC81E412AD}.MinSizeRel|x64.Build.0 = MinSizeRel|x64
		{EA059A4B-3F69-3B08-9C52-4DBC81E412AD}.RelWithDebInfo|x64.ActiveCfg = RelWithDebInfo|x64
		{EA059A4B-3F69-3B08-9C52-4DBC81E412AD}.RelWithDebInfo|x64.Build.0 = RelWithDebInfo|x64
		{C24E10F2-9C9F-3C33-A061-36C3E1617B38}.Debug|x64.ActiveCfg = Debug|x64
		{C24E10F2-9C9F-3C33-A061-36C3E1617B38}.Debug|x64.Build.0 = Debug|x64
		{C24E10F2-9C9F-3C33-A061-36C3E1617B38}.Release|x64.ActiveCfg = Release|x64
		{C24E10F2-9C9F-3C33-A061-36C3E1617B38}.Release|x64.Build.0 = Release|x64
		{C24E10F2-9C9F-3C33-A061-36C3E1617B38}.MinSizeRel|x64.ActiveCfg = MinSizeRel|x64
		{C24E10F2-9C9F-3C33-A061-36C3E1617B38}.MinSizeRel|x64.Build.0 = MinSizeRel|x64
		{C24E10F2-9C9F-3C33-A061-36C3E1617B38}.RelWithDebInfo|x64.ActiveCfg = RelWithDebInfo|x64
		{C24E10F2-9C9F-3C33-A061-36C3E1617B38}.RelWithDebInfo|x64.Build.0 = RelWithDebInfo|x64
		{05861621-9921-30AC-813F-DFF4B6263C71}.Debug|x64.ActiveCfg = Debug|x64
		{05861621-9921-30AC-813F-DFF4B6263C71}.Debug|x64.Build.0 = Debug|x64
		{05861621-9921-30AC-813F-DFF4B6263C71}.Release|x64.ActiveCfg = Release|x64
		{05861621-9921-30AC-813F-DFF4B6263C71}.Release|x64.Build.0 = Release|x64
		{05861621-9921-30AC-813F-DFF4B6263C71}.MinSizeRel|x64.ActiveCfg = MinSizeRel|x64
		{05861621-9921-30AC-813F-DFF4B6263C71}.MinSizeRel|x64.Build.0 = MinSizeRel|x64
		{05861621-9921-30AC-813F-DFF4B6263C71}.RelWithDebInfo|x64.ActiveCfg = RelWithDebInfo|x64
		{05861621-9921-30AC-813F-DFF4B6263C71}.RelWithDebInfo|x64.Build.0 = RelWithDebInfo|x64
		{7F0A2747-53AF-3395-BC97-578DC2FE3F27}.Debug|x64.ActiveCfg = Debug|x64
		{7F0A2747-53AF-3395-BC97-578DC2FE3F27}.Debug|x64.Build.0 = Debug|x64
		{7F0A2747-53AF-3395-BC97-578DC2FE3F27}.Release|x64.ActiveCfg = Release|x64
		{7F0A2747-53AF-3395-BC97-578DC2FE3F27}.Release|x64.Build.0 = Release|x64
		{7F0A2747-53AF-3395-BC97-578DC2FE3F27}.MinSizeRel|x64.ActiveCfg = MinSizeRel|x64
		{7F0A2747-53AF-3395-BC97-578DC2FE3F27}.MinSizeRel|x64.Build.0 = MinSizeRel|x64
		{7F0A2747-53AF-3395-BC97-578DC2FE3F27}.RelWithDebInfo|x64.ActiveCfg = RelWithDebInfo|x64
		{7F0A2747-53AF-3395-BC97-578DC2FE3F27}.RelWithDebInfo|x64.Build.0 = RelWithDebInfo|x64
		{2D0CC561-3290-32D9-AE51-A8E26B79F6C6}.Debug|x64.ActiveCfg = Debug|x64
		{2D0CC561-3290-32D9-AE51-A8E26B79F6C6}.Debug|x64.Build.0 = Debug|x64
		{2D0CC561-3290-32D9-AE51-A8E26B79F6C6}.Release|x64.ActiveCfg = Release|x64
		{2D0CC561-3290-32D9-AE51-A8E26B79F6C6}.Release|x64.Build.0 = Release|x64
		{2D0CC561-3290-32D9-AE51-A8E26B79F6C6}.MinSizeRel|x64.ActiveCfg = MinSizeRel|x64
		{2D0CC561-3290-32D9-AE51-A8E26B79F6C6}.MinSizeRel|x64.Build.0 = MinSizeRel|x64
		{2D0CC561-3290-32D9-AE51-A8E26B79F6C6}.RelWithDebInfo|x64.ActiveCfg = RelWithDebInfo|x64
		{2D0CC561-3290-32D9-AE51-A8E26B79F6C6}.RelWithDebInfo|x64.Build.0 = RelWithDebInfo|x64
		{912705C4-5099-32E1-897D-5346E2810DD9}.Debug|x64.ActiveCfg = Debug|x64
		{912705C4-5099-32E1-897D-5346E2810DD9}.Debug|x64.Build.0 = Debug|x64
		{912705C4-5099-32E1-897D-5346E2810DD9}.Release|x64.ActiveCfg = Release|x64
		{912705C4-5099-32E1-897D-5346E2810DD9}.Release|x64.Build.0 = Release|x64
		{912705C4-5099-32E1-897D-5346E2810DD9}.MinSizeRel|x64.ActiveCfg = MinSizeRel|x64
		{912705C4-5099-32E1-897D-5346E2810DD9}.MinSizeRel|x64.Build.0 = MinSizeRel|x64
		{912705C4-5099-32E1-897D-5346E2810DD9}.RelWithDebInfo|x64.ActiveCfg = RelWithDebInfo|x64
		{912705C4-5099-32E1-897D-5346E2810DD9}.RelWithDebInfo|x64.Build.0 = RelWithDebInfo|x64
		{091637D5-3262-313F-B37B-D6AAA50FD58F}.Debug|x64.ActiveCfg = Debug|x64
		{091637D5-3262-313F-B37B-D6AAA50FD58F}.Debug|x64.Build.0 = Debug|x64
		{091637D5-3262-313F-B37B-D6AAA50FD58F}.Release|x64.ActiveCfg = Release|x64
		{091637D5-3262-313F-B37B-D6AAA50FD58F}.Release|x64.Build.0 = Release|x64
		{091637D5-3262-313F-B37B-D6AAA50FD58F}.MinSizeRel|x64.ActiveCfg = MinSizeRel|x64
		{091637D5-3262-313F-B37B-D6AAA50FD58F}.MinSizeRel|x64.Build.0 = MinSizeRel|x64
		{091637D5-3262-313F-B37B-D6AAA50FD58F}.RelWithDebInfo|x64.ActiveCfg = RelWithDebInfo|x64
		{091637D5-3262-313F-B37B-D6AAA50FD58F}.RelWithDebInfo|x64.Build.0 = RelWithDebInfo|x64
		{0FD94AB8-3C93-335B-9EFC-949F3F5BD8C7}.Debug|x64.ActiveCfg = Debug|x64
		{0FD94AB8-3C93-335B-9EFC-949F3F5BD8C7}.Debug|x64.Build.0 = Debug|x64
		{0FD94AB8-3C93-335B-9EFC-949F3F5BD8C7}.Release|x64.ActiveCfg = Release|x64
		{0FD94AB8-3C93-335B-9EFC-949F3F5BD8C7}.Release|x64.Build.0 = Release|x64
		{0FD94AB8-3C93-335B-9EFC-949F3F5BD8C7}.MinSizeRel|x64.ActiveCfg = MinSizeRel|x64
		{0FD94AB8-3C93-335B-9EFC-949F3F5BD8C7}.MinSizeRel|x64.Build.0 = MinSizeRel|x64
		{0FD94AB8-3C93-335B-9EFC-949F3F5BD8C7}.RelWithDebInfo|x64.ActiveCfg = RelWithDebInfo|x64
		{0FD94AB8-3C93-335B-9EFC-949F3F5BD8C7}.RelWithDebInfo|x64.Build.0 = RelWithDebInfo|x64
		{C83D220C-93BB-3451-8D8A-1EC201160F07}.Debug|x64.ActiveCfg = Debug|x64
		{C83D220C-93BB-3451-8D8A-1EC201160F07}.Debug|x64.Build.0 = Debug|x64
		{C83D220C-93BB-3451-8D8A-1EC201160F07}.Release|x64.ActiveCfg = Release|x64
		{C83D220C-93BB-3451-8D8A-1EC201160F07}.Release|x64.Build.0 = Release|x64
		{C83D220C-93BB-3451-8D8A-1EC201160F07}.MinSizeRel|x64.ActiveCfg = MinSizeRel|x64
		{C83D220C-93BB-3451-8D8A-1EC201160F07}.MinSizeRel|x64.Build.0 = MinSizeRel|x64
		{C83D220C-93BB-3451-8D8A-1EC201160F07}.RelWithDebInfo|x64.ActiveCfg = RelWithDebInfo|x64
		{C83D220C-93BB-3451-8D8A-1EC201160F07}.RelWithDebInfo|x64.Build.0 = RelWithDebInfo|x64
		{345D7E6E-7CF5-37E1-9493-5324AC26BE77}.Debug|x64.ActiveCfg = Debug|x64
		{345D7E6E-7CF5-37E1-9493-5324AC26BE77}.Debug|x64.Build.0 = Debug|x64
		{345D7E6E-7CF5-37E1-9493-5324AC26BE77}.Release|x64.ActiveCfg = Release|x64
		{345D7E6E-7CF5-37E1-9493-5324AC26BE77}.Release|x64.Build.0 = Release|x64
		{345D7E6E-7CF5-37E1-9493-5324AC26BE77}.MinSizeRel|x64.ActiveCfg = MinSizeRel|x64
		{345D7E6E-7CF5-37E1-9493-5324AC26BE77}.MinSizeRel|x64.Build.0 = MinSizeRel|x64
		{345D7E6E-7CF5-37E1-9493-5324AC26BE77}.RelWithDebInfo|x64.ActiveCfg = RelWithDebInfo|x64
		{345D7E6E-7CF5-37E1-9493-5324AC26BE77}.RelWithDebInfo|x64.Build.0 = RelWithDebInfo|x64
		{807D3E1F-289A-3AF7-9841-634A1FBCFABA}.Debug|x64.ActiveCfg = Debug|x64
		{807D3E1F-289A-3AF7-9841-634A1FBCFABA}.Debug|x64.Build.0 = Debug|x64
		{807D3E1F-289A-3AF7-9841-634A1FBCFABA}.Release|x64.ActiveCfg = Release|x64
		{807D3E1F-289A-3AF7-9841-634A1FBCFABA}.Release|x64.Build.0 = Release|x64
		{807D3E1F-289A-3AF7-9841-634A1FBCFABA}.MinSizeRel|x64.ActiveCfg = MinSizeRel|x64
		{807D3E1F-289A-3AF7-9841-634A1FBCFABA}.MinSizeRel|x64.Build.0 = MinSizeRel|x64
		{807D3E1F-289A-3AF7-9841-634A1FBCFABA}.RelWithDebInfo|x64.ActiveCfg = RelWithDebInfo|x64
		{807D3E1F-289A-3AF7-9841-634A1FBCFABA}.RelWithDebInfo|x64.Build.0 = RelWithDebInfo|x64
		{00540FD5-C370-345B-BE3D-458DEB5EF6AB}.Debug|x64.ActiveCfg = Debug|x64
		{00540FD5-C370-345B-BE3D-458DEB5EF6AB}.Debug|x64.Build.0 = Debug|x64
		{00540FD5-C370-345B-BE3D-458DEB5EF6AB}.Release|x64.ActiveCfg = Release|x64
		{00540FD5-C370-345B-BE3D-458DEB5EF6AB}.Release|x64.Build.0 = Release|x64
		{00540FD5-C370-345B-BE3D-458DEB5EF6AB}.MinSizeRel|x64.ActiveCfg = MinSizeRel|x64
		{00540FD5-C370-345B-BE3D-458DEB5EF6AB}.MinSizeRel|x64.Build.0 = MinSizeRel|x64
		{00540FD5-C370-345B-BE3D-458DEB5EF6AB}.RelWithDebInfo|x64.ActiveCfg = RelWithDebInfo|x64
		{00540FD5-C370-345B-BE3D-458DEB5EF6AB}.RelWithDebInfo|x64.Build.0 = RelWithDebInfo|x64
		{74568BBD-D7C3-34A6-A9FE-4208BAFCEC0B}.Debug|x64.ActiveCfg = Debug|x64
		{74568BBD-D7C3-34A6-A9FE-4208BAFCEC0B}.Debug|x64.Build.0 = Debug|x64
		{74568BBD-D7C3-34A6-A9FE-4208BAFCEC0B}.Release|x64.ActiveCfg = Release|x64
		{74568BBD-D7C3-34A6-A9FE-4208BAFCEC0B}.Release|x64.Build.0 = Release|x64
		{74568BBD-D7C3-34A6-A9FE-4208BAFCEC0B}.MinSizeRel|x64.ActiveCfg = MinSizeRel|x64
		{74568BBD-D7C3-34A6-A9FE-4208BAFCEC0B}.MinSizeRel|x64.Build.0 = MinSizeRel|x64
		{74568BBD-D7C3-34A6-A9FE-4208BAFCEC0B}.RelWithDebInfo|x64.ActiveCfg = RelWithDebInfo|x64
		{74568BBD-D7C3-34A6-A9FE-4208BAFCEC0B}.RelWithDebInfo|x64.Build.0 = RelWithDebInfo|x64
		{C9A60321-54B3-321B-AD4F-254D98175427}.Debug|x64.ActiveCfg = Debug|x64
		{C9A60321-54B3-321B-AD4F-254D98175427}.Debug|x64.Build.0 = Debug|x64
		{C9A60321-54B3-321B-AD4F-254D98175427}.Release|x64.ActiveCfg = Release|x64
		{C9A60321-54B3-321B-AD4F-254D98175427}.Release|x64.Build.0 = Release|x64
		{C9A60321-54B3-321B-AD4F-254D98175427}.MinSizeRel|x64.ActiveCfg = MinSizeRel|x64
		{C9A60321-54B3-321B-AD4F-254D98175427}.MinSizeRel|x64.Build.0 = MinSizeRel|x64
		{C9A60321-54B3-321B-AD4F-254D98175427}.RelWithDebInfo|x64.ActiveCfg = RelWithDebInfo|x64
		{C9A60321-54B3-321B-AD4F-254D98175427}.RelWithDebInfo|x64.Build.0 = RelWithDebInfo|x64
	EndGlobalSection
	GlobalSection(ExtensibilityGlobals) = postSolution
	EndGlobalSection
	GlobalSection(ExtensibilityAddIns) = postSolution
	EndGlobalSection
EndGlobal
