Microsoft Visual Studio Solution File, Format Version 12.00
# Visual Studio 14
Project("{8BC9CEB8-8B4A-11D0-8D11-00A0C91BC942}") = "ALL_BUILD", "ALL_BUILD.vcxproj", "{479AB5D5-9E19-31D7-BE8B-18D1DB3AC0B7}"
	ProjectSection(ProjectDependencies) = postProject
		{66D6A471-FC45-31C1-A227-C1B53DB083FB} = {66D6A471-FC45-31C1-A227-C1B53DB083FB}
		{BD6FD4AC-674C-3799-B95C-A58D0677DBF1} = {BD6FD4AC-674C-3799-B95C-A58D0677DBF1}
		{DCF64808-3F7B-3B28-BFA6-51A2B6C814D7} = {DCF64808-3F7B-3B28-BFA6-51A2B6C814D7}
		{E50A193A-4F65-320D-B439-8CDA63A60662} = {E50A193A-4F65-320D-B439-8CDA63A60662}
		{6D4F96D9-C5B7-3679-88C0-059D38445E7B} = {6D4F96D9-C5B7-3679-88C0-059D38445E7B}
		{EA0CC674-0985-31FA-9233-C0450A9182D0} = {EA0CC674-0985-31FA-9233-C0450A9182D0}
		{7A8A7C2B-3BDC-38F9-BA5A-49D7046DF89E} = {7A8A7C2B-3BDC-38F9-BA5A-49D7046DF89E}
		{E8188C54-A2E3-39DF-B43D-92ACEEEC73C8} = {E8188C54-A2E3-39DF-B43D-92ACEEEC73C8}
		{855C6F74-8584-3F34-A2B8-3DB4E6E2E881} = {855C6F74-8584-3F34-A2B8-3DB4E6E2E881}
		{6312F769-0BC6-3CB4-B7D0-4D72C26DF66B} = {6312F769-0BC6-3CB4-B7D0-4D72C26DF66B}
		{555F1809-B297-3124-96BF-6E54EA3F6608} = {555F1809-B297-3124-96BF-6E54EA3F6608}
		{BEAF1171-0BDE-33C0-84EB-AF7BDE032BFD} = {BEAF1171-0BDE-33C0-84EB-AF7BDE032BFD}
		{6273D339-DF8E-3CF8-B62A-76FD0F8EC119} = {6273D339-DF8E-3CF8-B62A-76FD0F8EC119}
		{12ACCAD9-54DC-397E-AA42-C837202DC29A} = {12ACCAD9-54DC-397E-AA42-C837202DC29A}
		{F9A118F4-E9EE-3C95-B654-23ADE72B4AA7} = {F9A118F4-E9EE-3C95-B654-23ADE72B4AA7}
		{D5D29037-5848-3CC3-A54B-E3A1D2D94744} = {D5D29037-5848-3CC3-A54B-E3A1D2D94744}
		{940B8EA4-09C5-3466-B913-A918661427F1} = {940B8EA4-09C5-3466-B913-A918661427F1}
		{A5B4EC59-F782-3117-A829-D4F37564F5AA} = {A5B4EC59-F782-3117-A829-D4F37564F5AA}
		{0D164B66-228E-3034-A789-5CA5A375CF95} = {0D164B66-228E-3034-A789-5CA5A375CF95}
		{F9167B16-23A7-3231-B0A6-FB73A71BC946} = {F9167B16-23A7-3231-B0A6-FB73A71BC946}
		{905F5A44-F932-3727-A6BD-FEAC0810F433} = {905F5A44-F932-3727-A6BD-FEAC0810F433}
		{32CB4955-740F-3102-A182-4192F77A69F7} = {32CB4955-740F-3102-A182-4192F77A69F7}
		{5D8A8E19-0222-3E8E-9565-63E7242C23D9} = {5D8A8E19-0222-3E8E-9565-63E7242C23D9}
		{27DD8D54-98FF-358F-BD1F-458383C04A73} = {27DD8D54-98FF-358F-BD1F-458383C04A73}
		{09795EB0-FADA-3737-BF68-8437C81D798E} = {09795EB0-FADA-3737-BF68-8437C81D798E}
	EndProjectSection
EndProject
Project("{8BC9CEB8-8B4A-11D0-8D11-00A0C91BC942}") = "AppNative", "src\AppNative\AppNative.vcxproj", "{66D6A471-FC45-31C1-A227-C1B53DB083FB}"
	ProjectSection(ProjectDependencies) = postProject
		{09795EB0-FADA-3737-BF68-8437C81D798E} = {09795EB0-FADA-3737-BF68-8437C81D798E}
	EndProjectSection
EndProject
Project("{8BC9CEB8-8B4A-11D0-8D11-00A0C91BC942}") = "Audio", "src\Audio\Audio.vcxproj", "{BD6FD4AC-674C-3799-B95C-A58D0677DBF1}"
	ProjectSection(ProjectDependencies) = postProject
		{09795EB0-FADA-3737-BF68-8437C81D798E} = {09795EB0-FADA-3737-BF68-8437C81D798E}
	EndProjectSection
EndProject
Project("{8BC9CEB8-8B4A-11D0-8D11-00A0C91BC942}") = "CatmullRom", "src\CatmullRom\CatmullRom.vcxproj", "{DCF64808-3F7B-3B28-BFA6-51A2B6C814D7}"
	ProjectSection(ProjectDependencies) = postProject
		{09795EB0-FADA-3737-BF68-8437C81D798E} = {09795EB0-FADA-3737-BF68-8437C81D798E}
	EndProjectSection
EndProject
Project("{8BC9CEB8-8B4A-11D0-8D11-00A0C91BC942}") = "Client", "src\Client.vcxproj", "{E50A193A-4F65-320D-B439-8CDA63A60662}"
	ProjectSection(ProjectDependencies) = postProject
		{66D6A471-FC45-31C1-A227-C1B53DB083FB} = {66D6A471-FC45-31C1-A227-C1B53DB083FB}
		{BD6FD4AC-674C-3799-B95C-A58D0677DBF1} = {BD6FD4AC-674C-3799-B95C-A58D0677DBF1}
		{DCF64808-3F7B-3B28-BFA6-51A2B6C814D7} = {DCF64808-3F7B-3B28-BFA6-51A2B6C814D7}
		{6D4F96D9-C5B7-3679-88C0-059D38445E7B} = {6D4F96D9-C5B7-3679-88C0-059D38445E7B}
		{EA0CC674-0985-31FA-9233-C0450A9182D0} = {EA0CC674-0985-31FA-9233-C0450A9182D0}
		{7A8A7C2B-3BDC-38F9-BA5A-49D7046DF89E} = {7A8A7C2B-3BDC-38F9-BA5A-49D7046DF89E}
		{E8188C54-A2E3-39DF-B43D-92ACEEEC73C8} = {E8188C54-A2E3-39DF-B43D-92ACEEEC73C8}
		{855C6F74-8584-3F34-A2B8-3DB4E6E2E881} = {855C6F74-8584-3F34-A2B8-3DB4E6E2E881}
		{6312F769-0BC6-3CB4-B7D0-4D72C26DF66B} = {6312F769-0BC6-3CB4-B7D0-4D72C26DF66B}
		{555F1809-B297-3124-96BF-6E54EA3F6608} = {555F1809-B297-3124-96BF-6E54EA3F6608}
		{BEAF1171-0BDE-33C0-84EB-AF7BDE032BFD} = {BEAF1171-0BDE-33C0-84EB-AF7BDE032BFD}
		{6273D339-DF8E-3CF8-B62A-76FD0F8EC119} = {6273D339-DF8E-3CF8-B62A-76FD0F8EC119}
		{12ACCAD9-54DC-397E-AA42-C837202DC29A} = {12ACCAD9-54DC-397E-AA42-C837202DC29A}
		{F9A118F4-E9EE-3C95-B654-23ADE72B4AA7} = {F9A118F4-E9EE-3C95-B654-23ADE72B4AA7}
		{D5D29037-5848-3CC3-A54B-E3A1D2D94744} = {D5D29037-5848-3CC3-A54B-E3A1D2D94744}
		{940B8EA4-09C5-3466-B913-A918661427F1} = {940B8EA4-09C5-3466-B913-A918661427F1}
		{A5B4EC59-F782-3117-A829-D4F37564F5AA} = {A5B4EC59-F782-3117-A829-D4F37564F5AA}
		{0D164B66-228E-3034-A789-5CA5A375CF95} = {0D164B66-228E-3034-A789-5CA5A375CF95}
		{F9167B16-23A7-3231-B0A6-FB73A71BC946} = {F9167B16-23A7-3231-B0A6-FB73A71BC946}
		{905F5A44-F932-3727-A6BD-FEAC0810F433} = {905F5A44-F932-3727-A6BD-FEAC0810F433}
		{32CB4955-740F-3102-A182-4192F77A69F7} = {32CB4955-740F-3102-A182-4192F77A69F7}
		{5D8A8E19-0222-3E8E-9565-63E7242C23D9} = {5D8A8E19-0222-3E8E-9565-63E7242C23D9}
		{27DD8D54-98FF-358F-BD1F-458383C04A73} = {27DD8D54-98FF-358F-BD1F-458383C04A73}
		{09795EB0-FADA-3737-BF68-8437C81D798E} = {09795EB0-FADA-3737-BF68-8437C81D798E}
	EndProjectSection
EndProject
Project("{8BC9CEB8-8B4A-11D0-8D11-00A0C91BC942}") = "Color", "src\Color\Color.vcxproj", "{6D4F96D9-C5B7-3679-88C0-059D38445E7B}"
	ProjectSection(ProjectDependencies) = postProject
		{09795EB0-FADA-3737-BF68-8437C81D798E} = {09795EB0-FADA-3737-BF68-8437C81D798E}
	EndProjectSection
EndProject
Project("{8BC9CEB8-8B4A-11D0-8D11-00A0C91BC942}") = "Fade", "src\Fade\Fade.vcxproj", "{EA0CC674-0985-31FA-9233-C0450A9182D0}"
	ProjectSection(ProjectDependencies) = postProject
		{09795EB0-FADA-3737-BF68-8437C81D798E} = {09795EB0-FADA-3737-BF68-8437C81D798E}
	EndProjectSection
EndProject
Project("{8BC9CEB8-8B4A-11D0-8D11-00A0C91BC942}") = "Font", "src\Font\Font.vcxproj", "{7A8A7C2B-3BDC-38F9-BA5A-49D7046DF89E}"
	ProjectSection(ProjectDependencies) = postProject
		{09795EB0-FADA-3737-BF68-8437C81D798E} = {09795EB0-FADA-3737-BF68-8437C81D798E}
	EndProjectSection
EndProject
Project("{8BC9CEB8-8B4A-11D0-8D11-00A0C91BC942}") = "Game", "src\Game\Game.vcxproj", "{E8188C54-A2E3-39DF-B43D-92ACEEEC73C8}"
	ProjectSection(ProjectDependencies) = postProject
		{09795EB0-FADA-3737-BF68-8437C81D798E} = {09795EB0-FADA-3737-BF68-8437C81D798E}
	EndProjectSection
EndProject
Project("{8BC9CEB8-8B4A-11D0-8D11-00A0C91BC942}") = "Graphic", "src\Graphic\Graphic.vcxproj", "{855C6F74-8584-3F34-A2B8-3DB4E6E2E881}"
	ProjectSection(ProjectDependencies) = postProject
		{09795EB0-FADA-3737-BF68-8437C81D798E} = {09795EB0-FADA-3737-BF68-8437C81D798E}
	EndProjectSection
EndProject
Project("{8BC9CEB8-8B4A-11D0-8D11-00A0C91BC942}") = "Key", "src\Key\Key.vcxproj", "{6312F769-0BC6-3CB4-B7D0-4D72C26DF66B}"
	ProjectSection(ProjectDependencies) = postProject
		{09795EB0-FADA-3737-BF68-8437C81D798E} = {09795EB0-FADA-3737-BF68-8437C81D798E}
	EndProjectSection
EndProject
Project("{8BC9CEB8-8B4A-11D0-8D11-00A0C91BC942}") = "LoadPath", "src\LoadPath\LoadPath.vcxproj", "{555F1809-B297-3124-96BF-6E54EA3F6608}"
	ProjectSection(ProjectDependencies) = postProject
		{09795EB0-FADA-3737-BF68-8437C81D798E} = {09795EB0-FADA-3737-BF68-8437C81D798E}
	EndProjectSection
EndProject
Project("{8BC9CEB8-8B4A-11D0-8D11-00A0C91BC942}") = "MainCamera", "src\MainCamera\MainCamera.vcxproj", "{BEAF1171-0BDE-33C0-84EB-AF7BDE032BFD}"
	ProjectSection(ProjectDependencies) = postProject
		{09795EB0-FADA-3737-BF68-8437C81D798E} = {09795EB0-FADA-3737-BF68-8437C81D798E}
	EndProjectSection
EndProject
Project("{8BC9CEB8-8B4A-11D0-8D11-00A0C91BC942}") = "Mouse", "src\Mouse\Mouse.vcxproj", "{6273D339-DF8E-3CF8-B62A-76FD0F8EC119}"
	ProjectSection(ProjectDependencies) = postProject
		{09795EB0-FADA-3737-BF68-8437C81D798E} = {09795EB0-FADA-3737-BF68-8437C81D798E}
	EndProjectSection
EndProject
Project("{8BC9CEB8-8B4A-11D0-8D11-00A0C91BC942}") = "Network", "src\Network\Network.vcxproj", "{12ACCAD9-54DC-397E-AA42-C837202DC29A}"
	ProjectSection(ProjectDependencies) = postProject
		{09795EB0-FADA-3737-BF68-8437C81D798E} = {09795EB0-FADA-3737-BF68-8437C81D798E}
	EndProjectSection
EndProject
Project("{8BC9CEB8-8B4A-11D0-8D11-00A0C91BC942}") = "Noncopyable", "src\Noncopyable\Noncopyable.vcxproj", "{F9A118F4-E9EE-3C95-B654-23ADE72B4AA7}"
	ProjectSection(ProjectDependencies) = postProject
		{09795EB0-FADA-3737-BF68-8437C81D798E} = {09795EB0-FADA-3737-BF68-8437C81D798E}
	EndProjectSection
EndProject
Project("{8BC9CEB8-8B4A-11D0-8D11-00A0C91BC942}") = "Random", "src\Random\Random.vcxproj", "{D5D29037-5848-3CC3-A54B-E3A1D2D94744}"
	ProjectSection(ProjectDependencies) = postProject
		{09795EB0-FADA-3737-BF68-8437C81D798E} = {09795EB0-FADA-3737-BF68-8437C81D798E}
	EndProjectSection
EndProject
Project("{8BC9CEB8-8B4A-11D0-8D11-00A0C91BC942}") = "Rect", "src\Rect\Rect.vcxproj", "{940B8EA4-09C5-3466-B913-A918661427F1}"
	ProjectSection(ProjectDependencies) = postProject
		{09795EB0-FADA-3737-BF68-8437C81D798E} = {09795EB0-FADA-3737-BF68-8437C81D798E}
	EndProjectSection
EndProject
Project("{8BC9CEB8-8B4A-11D0-8D11-00A0C91BC942}") = "Scene", "src\Scene\Scene.vcxproj", "{A5B4EC59-F782-3117-A829-D4F37564F5AA}"
	ProjectSection(ProjectDependencies) = postProject
		{09795EB0-FADA-3737-BF68-8437C81D798E} = {09795EB0-FADA-3737-BF68-8437C81D798E}
	EndProjectSection
EndProject
Project("{8BC9CEB8-8B4A-11D0-8D11-00A0C91BC942}") = "Tcp", "src\Tcp\Tcp.vcxproj", "{0D164B66-228E-3034-A789-5CA5A375CF95}"
	ProjectSection(ProjectDependencies) = postProject
		{09795EB0-FADA-3737-BF68-8437C81D798E} = {09795EB0-FADA-3737-BF68-8437C81D798E}
	EndProjectSection
EndProject
Project("{8BC9CEB8-8B4A-11D0-8D11-00A0C91BC942}") = "Title", "src\Title\Title.vcxproj", "{F9167B16-23A7-3231-B0A6-FB73A71BC946}"
	ProjectSection(ProjectDependencies) = postProject
		{09795EB0-FADA-3737-BF68-8437C81D798E} = {09795EB0-FADA-3737-BF68-8437C81D798E}
	EndProjectSection
EndProject
Project("{8BC9CEB8-8B4A-11D0-8D11-00A0C91BC942}") = "TweakBar", "src\TweakBar\TweakBar.vcxproj", "{905F5A44-F932-3727-A6BD-FEAC0810F433}"
	ProjectSection(ProjectDependencies) = postProject
		{09795EB0-FADA-3737-BF68-8437C81D798E} = {09795EB0-FADA-3737-BF68-8437C81D798E}
	EndProjectSection
EndProject
Project("{8BC9CEB8-8B4A-11D0-8D11-00A0C91BC942}") = "Udp", "src\Udp\Udp.vcxproj", "{32CB4955-740F-3102-A182-4192F77A69F7}"
	ProjectSection(ProjectDependencies) = postProject
		{09795EB0-FADA-3737-BF68-8437C81D798E} = {09795EB0-FADA-3737-BF68-8437C81D798E}
	EndProjectSection
EndProject
Project("{8BC9CEB8-8B4A-11D0-8D11-00A0C91BC942}") = "Utility", "src\Utility\Utility.vcxproj", "{5D8A8E19-0222-3E8E-9565-63E7242C23D9}"
	ProjectSection(ProjectDependencies) = postProject
		{09795EB0-FADA-3737-BF68-8437C81D798E} = {09795EB0-FADA-3737-BF68-8437C81D798E}
	EndProjectSection
EndProject
Project("{8BC9CEB8-8B4A-11D0-8D11-00A0C91BC942}") = "Vector", "src\Vector\Vector.vcxproj", "{27DD8D54-98FF-358F-BD1F-458383C04A73}"
	ProjectSection(ProjectDependencies) = postProject
		{09795EB0-FADA-3737-BF68-8437C81D798E} = {09795EB0-FADA-3737-BF68-8437C81D798E}
	EndProjectSection
EndProject
Project("{8BC9CEB8-8B4A-11D0-8D11-00A0C91BC942}") = "ZERO_CHECK", "ZERO_CHECK.vcxproj", "{09795EB0-FADA-3737-BF68-8437C81D798E}"
	ProjectSection(ProjectDependencies) = postProject
	EndProjectSection
EndProject
Global
	GlobalSection(SolutionConfigurationPlatforms) = preSolution
		Debug|x64 = Debug|x64
		Release|x64 = Release|x64
		MinSizeRel|x64 = MinSizeRel|x64
		RelWithDebInfo|x64 = RelWithDebInfo|x64
	EndGlobalSection
	GlobalSection(ProjectConfigurationPlatforms) = postSolution
		{479AB5D5-9E19-31D7-BE8B-18D1DB3AC0B7}.Debug|x64.ActiveCfg = Debug|x64
		{479AB5D5-9E19-31D7-BE8B-18D1DB3AC0B7}.Release|x64.ActiveCfg = Release|x64
		{479AB5D5-9E19-31D7-BE8B-18D1DB3AC0B7}.MinSizeRel|x64.ActiveCfg = MinSizeRel|x64
		{479AB5D5-9E19-31D7-BE8B-18D1DB3AC0B7}.RelWithDebInfo|x64.ActiveCfg = RelWithDebInfo|x64
		{66D6A471-FC45-31C1-A227-C1B53DB083FB}.Debug|x64.ActiveCfg = Debug|x64
		{66D6A471-FC45-31C1-A227-C1B53DB083FB}.Debug|x64.Build.0 = Debug|x64
		{66D6A471-FC45-31C1-A227-C1B53DB083FB}.Release|x64.ActiveCfg = Release|x64
		{66D6A471-FC45-31C1-A227-C1B53DB083FB}.Release|x64.Build.0 = Release|x64
		{66D6A471-FC45-31C1-A227-C1B53DB083FB}.MinSizeRel|x64.ActiveCfg = MinSizeRel|x64
		{66D6A471-FC45-31C1-A227-C1B53DB083FB}.MinSizeRel|x64.Build.0 = MinSizeRel|x64
		{66D6A471-FC45-31C1-A227-C1B53DB083FB}.RelWithDebInfo|x64.ActiveCfg = RelWithDebInfo|x64
		{66D6A471-FC45-31C1-A227-C1B53DB083FB}.RelWithDebInfo|x64.Build.0 = RelWithDebInfo|x64
		{BD6FD4AC-674C-3799-B95C-A58D0677DBF1}.Debug|x64.ActiveCfg = Debug|x64
		{BD6FD4AC-674C-3799-B95C-A58D0677DBF1}.Debug|x64.Build.0 = Debug|x64
		{BD6FD4AC-674C-3799-B95C-A58D0677DBF1}.Release|x64.ActiveCfg = Release|x64
		{BD6FD4AC-674C-3799-B95C-A58D0677DBF1}.Release|x64.Build.0 = Release|x64
		{BD6FD4AC-674C-3799-B95C-A58D0677DBF1}.MinSizeRel|x64.ActiveCfg = MinSizeRel|x64
		{BD6FD4AC-674C-3799-B95C-A58D0677DBF1}.MinSizeRel|x64.Build.0 = MinSizeRel|x64
		{BD6FD4AC-674C-3799-B95C-A58D0677DBF1}.RelWithDebInfo|x64.ActiveCfg = RelWithDebInfo|x64
		{BD6FD4AC-674C-3799-B95C-A58D0677DBF1}.RelWithDebInfo|x64.Build.0 = RelWithDebInfo|x64
		{DCF64808-3F7B-3B28-BFA6-51A2B6C814D7}.Debug|x64.ActiveCfg = Debug|x64
		{DCF64808-3F7B-3B28-BFA6-51A2B6C814D7}.Debug|x64.Build.0 = Debug|x64
		{DCF64808-3F7B-3B28-BFA6-51A2B6C814D7}.Release|x64.ActiveCfg = Release|x64
		{DCF64808-3F7B-3B28-BFA6-51A2B6C814D7}.Release|x64.Build.0 = Release|x64
		{DCF64808-3F7B-3B28-BFA6-51A2B6C814D7}.MinSizeRel|x64.ActiveCfg = MinSizeRel|x64
		{DCF64808-3F7B-3B28-BFA6-51A2B6C814D7}.MinSizeRel|x64.Build.0 = MinSizeRel|x64
		{DCF64808-3F7B-3B28-BFA6-51A2B6C814D7}.RelWithDebInfo|x64.ActiveCfg = RelWithDebInfo|x64
		{DCF64808-3F7B-3B28-BFA6-51A2B6C814D7}.RelWithDebInfo|x64.Build.0 = RelWithDebInfo|x64
		{E50A193A-4F65-320D-B439-8CDA63A60662}.Debug|x64.ActiveCfg = Debug|x64
		{E50A193A-4F65-320D-B439-8CDA63A60662}.Debug|x64.Build.0 = Debug|x64
		{E50A193A-4F65-320D-B439-8CDA63A60662}.Release|x64.ActiveCfg = Release|x64
		{E50A193A-4F65-320D-B439-8CDA63A60662}.Release|x64.Build.0 = Release|x64
		{E50A193A-4F65-320D-B439-8CDA63A60662}.MinSizeRel|x64.ActiveCfg = MinSizeRel|x64
		{E50A193A-4F65-320D-B439-8CDA63A60662}.MinSizeRel|x64.Build.0 = MinSizeRel|x64
		{E50A193A-4F65-320D-B439-8CDA63A60662}.RelWithDebInfo|x64.ActiveCfg = RelWithDebInfo|x64
		{E50A193A-4F65-320D-B439-8CDA63A60662}.RelWithDebInfo|x64.Build.0 = RelWithDebInfo|x64
		{6D4F96D9-C5B7-3679-88C0-059D38445E7B}.Debug|x64.ActiveCfg = Debug|x64
		{6D4F96D9-C5B7-3679-88C0-059D38445E7B}.Debug|x64.Build.0 = Debug|x64
		{6D4F96D9-C5B7-3679-88C0-059D38445E7B}.Release|x64.ActiveCfg = Release|x64
		{6D4F96D9-C5B7-3679-88C0-059D38445E7B}.Release|x64.Build.0 = Release|x64
		{6D4F96D9-C5B7-3679-88C0-059D38445E7B}.MinSizeRel|x64.ActiveCfg = MinSizeRel|x64
		{6D4F96D9-C5B7-3679-88C0-059D38445E7B}.MinSizeRel|x64.Build.0 = MinSizeRel|x64
		{6D4F96D9-C5B7-3679-88C0-059D38445E7B}.RelWithDebInfo|x64.ActiveCfg = RelWithDebInfo|x64
		{6D4F96D9-C5B7-3679-88C0-059D38445E7B}.RelWithDebInfo|x64.Build.0 = RelWithDebInfo|x64
		{EA0CC674-0985-31FA-9233-C0450A9182D0}.Debug|x64.ActiveCfg = Debug|x64
		{EA0CC674-0985-31FA-9233-C0450A9182D0}.Debug|x64.Build.0 = Debug|x64
		{EA0CC674-0985-31FA-9233-C0450A9182D0}.Release|x64.ActiveCfg = Release|x64
		{EA0CC674-0985-31FA-9233-C0450A9182D0}.Release|x64.Build.0 = Release|x64
		{EA0CC674-0985-31FA-9233-C0450A9182D0}.MinSizeRel|x64.ActiveCfg = MinSizeRel|x64
		{EA0CC674-0985-31FA-9233-C0450A9182D0}.MinSizeRel|x64.Build.0 = MinSizeRel|x64
		{EA0CC674-0985-31FA-9233-C0450A9182D0}.RelWithDebInfo|x64.ActiveCfg = RelWithDebInfo|x64
		{EA0CC674-0985-31FA-9233-C0450A9182D0}.RelWithDebInfo|x64.Build.0 = RelWithDebInfo|x64
		{7A8A7C2B-3BDC-38F9-BA5A-49D7046DF89E}.Debug|x64.ActiveCfg = Debug|x64
		{7A8A7C2B-3BDC-38F9-BA5A-49D7046DF89E}.Debug|x64.Build.0 = Debug|x64
		{7A8A7C2B-3BDC-38F9-BA5A-49D7046DF89E}.Release|x64.ActiveCfg = Release|x64
		{7A8A7C2B-3BDC-38F9-BA5A-49D7046DF89E}.Release|x64.Build.0 = Release|x64
		{7A8A7C2B-3BDC-38F9-BA5A-49D7046DF89E}.MinSizeRel|x64.ActiveCfg = MinSizeRel|x64
		{7A8A7C2B-3BDC-38F9-BA5A-49D7046DF89E}.MinSizeRel|x64.Build.0 = MinSizeRel|x64
		{7A8A7C2B-3BDC-38F9-BA5A-49D7046DF89E}.RelWithDebInfo|x64.ActiveCfg = RelWithDebInfo|x64
		{7A8A7C2B-3BDC-38F9-BA5A-49D7046DF89E}.RelWithDebInfo|x64.Build.0 = RelWithDebInfo|x64
		{E8188C54-A2E3-39DF-B43D-92ACEEEC73C8}.Debug|x64.ActiveCfg = Debug|x64
		{E8188C54-A2E3-39DF-B43D-92ACEEEC73C8}.Debug|x64.Build.0 = Debug|x64
		{E8188C54-A2E3-39DF-B43D-92ACEEEC73C8}.Release|x64.ActiveCfg = Release|x64
		{E8188C54-A2E3-39DF-B43D-92ACEEEC73C8}.Release|x64.Build.0 = Release|x64
		{E8188C54-A2E3-39DF-B43D-92ACEEEC73C8}.MinSizeRel|x64.ActiveCfg = MinSizeRel|x64
		{E8188C54-A2E3-39DF-B43D-92ACEEEC73C8}.MinSizeRel|x64.Build.0 = MinSizeRel|x64
		{E8188C54-A2E3-39DF-B43D-92ACEEEC73C8}.RelWithDebInfo|x64.ActiveCfg = RelWithDebInfo|x64
		{E8188C54-A2E3-39DF-B43D-92ACEEEC73C8}.RelWithDebInfo|x64.Build.0 = RelWithDebInfo|x64
		{855C6F74-8584-3F34-A2B8-3DB4E6E2E881}.Debug|x64.ActiveCfg = Debug|x64
		{855C6F74-8584-3F34-A2B8-3DB4E6E2E881}.Debug|x64.Build.0 = Debug|x64
		{855C6F74-8584-3F34-A2B8-3DB4E6E2E881}.Release|x64.ActiveCfg = Release|x64
		{855C6F74-8584-3F34-A2B8-3DB4E6E2E881}.Release|x64.Build.0 = Release|x64
		{855C6F74-8584-3F34-A2B8-3DB4E6E2E881}.MinSizeRel|x64.ActiveCfg = MinSizeRel|x64
		{855C6F74-8584-3F34-A2B8-3DB4E6E2E881}.MinSizeRel|x64.Build.0 = MinSizeRel|x64
		{855C6F74-8584-3F34-A2B8-3DB4E6E2E881}.RelWithDebInfo|x64.ActiveCfg = RelWithDebInfo|x64
		{855C6F74-8584-3F34-A2B8-3DB4E6E2E881}.RelWithDebInfo|x64.Build.0 = RelWithDebInfo|x64
		{6312F769-0BC6-3CB4-B7D0-4D72C26DF66B}.Debug|x64.ActiveCfg = Debug|x64
		{6312F769-0BC6-3CB4-B7D0-4D72C26DF66B}.Debug|x64.Build.0 = Debug|x64
		{6312F769-0BC6-3CB4-B7D0-4D72C26DF66B}.Release|x64.ActiveCfg = Release|x64
		{6312F769-0BC6-3CB4-B7D0-4D72C26DF66B}.Release|x64.Build.0 = Release|x64
		{6312F769-0BC6-3CB4-B7D0-4D72C26DF66B}.MinSizeRel|x64.ActiveCfg = MinSizeRel|x64
		{6312F769-0BC6-3CB4-B7D0-4D72C26DF66B}.MinSizeRel|x64.Build.0 = MinSizeRel|x64
		{6312F769-0BC6-3CB4-B7D0-4D72C26DF66B}.RelWithDebInfo|x64.ActiveCfg = RelWithDebInfo|x64
		{6312F769-0BC6-3CB4-B7D0-4D72C26DF66B}.RelWithDebInfo|x64.Build.0 = RelWithDebInfo|x64
		{555F1809-B297-3124-96BF-6E54EA3F6608}.Debug|x64.ActiveCfg = Debug|x64
		{555F1809-B297-3124-96BF-6E54EA3F6608}.Debug|x64.Build.0 = Debug|x64
		{555F1809-B297-3124-96BF-6E54EA3F6608}.Release|x64.ActiveCfg = Release|x64
		{555F1809-B297-3124-96BF-6E54EA3F6608}.Release|x64.Build.0 = Release|x64
		{555F1809-B297-3124-96BF-6E54EA3F6608}.MinSizeRel|x64.ActiveCfg = MinSizeRel|x64
		{555F1809-B297-3124-96BF-6E54EA3F6608}.MinSizeRel|x64.Build.0 = MinSizeRel|x64
		{555F1809-B297-3124-96BF-6E54EA3F6608}.RelWithDebInfo|x64.ActiveCfg = RelWithDebInfo|x64
		{555F1809-B297-3124-96BF-6E54EA3F6608}.RelWithDebInfo|x64.Build.0 = RelWithDebInfo|x64
		{BEAF1171-0BDE-33C0-84EB-AF7BDE032BFD}.Debug|x64.ActiveCfg = Debug|x64
		{BEAF1171-0BDE-33C0-84EB-AF7BDE032BFD}.Debug|x64.Build.0 = Debug|x64
		{BEAF1171-0BDE-33C0-84EB-AF7BDE032BFD}.Release|x64.ActiveCfg = Release|x64
		{BEAF1171-0BDE-33C0-84EB-AF7BDE032BFD}.Release|x64.Build.0 = Release|x64
		{BEAF1171-0BDE-33C0-84EB-AF7BDE032BFD}.MinSizeRel|x64.ActiveCfg = MinSizeRel|x64
		{BEAF1171-0BDE-33C0-84EB-AF7BDE032BFD}.MinSizeRel|x64.Build.0 = MinSizeRel|x64
		{BEAF1171-0BDE-33C0-84EB-AF7BDE032BFD}.RelWithDebInfo|x64.ActiveCfg = RelWithDebInfo|x64
		{BEAF1171-0BDE-33C0-84EB-AF7BDE032BFD}.RelWithDebInfo|x64.Build.0 = RelWithDebInfo|x64
		{6273D339-DF8E-3CF8-B62A-76FD0F8EC119}.Debug|x64.ActiveCfg = Debug|x64
		{6273D339-DF8E-3CF8-B62A-76FD0F8EC119}.Debug|x64.Build.0 = Debug|x64
		{6273D339-DF8E-3CF8-B62A-76FD0F8EC119}.Release|x64.ActiveCfg = Release|x64
		{6273D339-DF8E-3CF8-B62A-76FD0F8EC119}.Release|x64.Build.0 = Release|x64
		{6273D339-DF8E-3CF8-B62A-76FD0F8EC119}.MinSizeRel|x64.ActiveCfg = MinSizeRel|x64
		{6273D339-DF8E-3CF8-B62A-76FD0F8EC119}.MinSizeRel|x64.Build.0 = MinSizeRel|x64
		{6273D339-DF8E-3CF8-B62A-76FD0F8EC119}.RelWithDebInfo|x64.ActiveCfg = RelWithDebInfo|x64
		{6273D339-DF8E-3CF8-B62A-76FD0F8EC119}.RelWithDebInfo|x64.Build.0 = RelWithDebInfo|x64
		{12ACCAD9-54DC-397E-AA42-C837202DC29A}.Debug|x64.ActiveCfg = Debug|x64
		{12ACCAD9-54DC-397E-AA42-C837202DC29A}.Debug|x64.Build.0 = Debug|x64
		{12ACCAD9-54DC-397E-AA42-C837202DC29A}.Release|x64.ActiveCfg = Release|x64
		{12ACCAD9-54DC-397E-AA42-C837202DC29A}.Release|x64.Build.0 = Release|x64
		{12ACCAD9-54DC-397E-AA42-C837202DC29A}.MinSizeRel|x64.ActiveCfg = MinSizeRel|x64
		{12ACCAD9-54DC-397E-AA42-C837202DC29A}.MinSizeRel|x64.Build.0 = MinSizeRel|x64
		{12ACCAD9-54DC-397E-AA42-C837202DC29A}.RelWithDebInfo|x64.ActiveCfg = RelWithDebInfo|x64
		{12ACCAD9-54DC-397E-AA42-C837202DC29A}.RelWithDebInfo|x64.Build.0 = RelWithDebInfo|x64
		{F9A118F4-E9EE-3C95-B654-23ADE72B4AA7}.Debug|x64.ActiveCfg = Debug|x64
		{F9A118F4-E9EE-3C95-B654-23ADE72B4AA7}.Debug|x64.Build.0 = Debug|x64
		{F9A118F4-E9EE-3C95-B654-23ADE72B4AA7}.Release|x64.ActiveCfg = Release|x64
		{F9A118F4-E9EE-3C95-B654-23ADE72B4AA7}.Release|x64.Build.0 = Release|x64
		{F9A118F4-E9EE-3C95-B654-23ADE72B4AA7}.MinSizeRel|x64.ActiveCfg = MinSizeRel|x64
		{F9A118F4-E9EE-3C95-B654-23ADE72B4AA7}.MinSizeRel|x64.Build.0 = MinSizeRel|x64
		{F9A118F4-E9EE-3C95-B654-23ADE72B4AA7}.RelWithDebInfo|x64.ActiveCfg = RelWithDebInfo|x64
		{F9A118F4-E9EE-3C95-B654-23ADE72B4AA7}.RelWithDebInfo|x64.Build.0 = RelWithDebInfo|x64
		{D5D29037-5848-3CC3-A54B-E3A1D2D94744}.Debug|x64.ActiveCfg = Debug|x64
		{D5D29037-5848-3CC3-A54B-E3A1D2D94744}.Debug|x64.Build.0 = Debug|x64
		{D5D29037-5848-3CC3-A54B-E3A1D2D94744}.Release|x64.ActiveCfg = Release|x64
		{D5D29037-5848-3CC3-A54B-E3A1D2D94744}.Release|x64.Build.0 = Release|x64
		{D5D29037-5848-3CC3-A54B-E3A1D2D94744}.MinSizeRel|x64.ActiveCfg = MinSizeRel|x64
		{D5D29037-5848-3CC3-A54B-E3A1D2D94744}.MinSizeRel|x64.Build.0 = MinSizeRel|x64
		{D5D29037-5848-3CC3-A54B-E3A1D2D94744}.RelWithDebInfo|x64.ActiveCfg = RelWithDebInfo|x64
		{D5D29037-5848-3CC3-A54B-E3A1D2D94744}.RelWithDebInfo|x64.Build.0 = RelWithDebInfo|x64
		{940B8EA4-09C5-3466-B913-A918661427F1}.Debug|x64.ActiveCfg = Debug|x64
		{940B8EA4-09C5-3466-B913-A918661427F1}.Debug|x64.Build.0 = Debug|x64
		{940B8EA4-09C5-3466-B913-A918661427F1}.Release|x64.ActiveCfg = Release|x64
		{940B8EA4-09C5-3466-B913-A918661427F1}.Release|x64.Build.0 = Release|x64
		{940B8EA4-09C5-3466-B913-A918661427F1}.MinSizeRel|x64.ActiveCfg = MinSizeRel|x64
		{940B8EA4-09C5-3466-B913-A918661427F1}.MinSizeRel|x64.Build.0 = MinSizeRel|x64
		{940B8EA4-09C5-3466-B913-A918661427F1}.RelWithDebInfo|x64.ActiveCfg = RelWithDebInfo|x64
		{940B8EA4-09C5-3466-B913-A918661427F1}.RelWithDebInfo|x64.Build.0 = RelWithDebInfo|x64
		{A5B4EC59-F782-3117-A829-D4F37564F5AA}.Debug|x64.ActiveCfg = Debug|x64
		{A5B4EC59-F782-3117-A829-D4F37564F5AA}.Debug|x64.Build.0 = Debug|x64
		{A5B4EC59-F782-3117-A829-D4F37564F5AA}.Release|x64.ActiveCfg = Release|x64
		{A5B4EC59-F782-3117-A829-D4F37564F5AA}.Release|x64.Build.0 = Release|x64
		{A5B4EC59-F782-3117-A829-D4F37564F5AA}.MinSizeRel|x64.ActiveCfg = MinSizeRel|x64
		{A5B4EC59-F782-3117-A829-D4F37564F5AA}.MinSizeRel|x64.Build.0 = MinSizeRel|x64
		{A5B4EC59-F782-3117-A829-D4F37564F5AA}.RelWithDebInfo|x64.ActiveCfg = RelWithDebInfo|x64
		{A5B4EC59-F782-3117-A829-D4F37564F5AA}.RelWithDebInfo|x64.Build.0 = RelWithDebInfo|x64
		{0D164B66-228E-3034-A789-5CA5A375CF95}.Debug|x64.ActiveCfg = Debug|x64
		{0D164B66-228E-3034-A789-5CA5A375CF95}.Debug|x64.Build.0 = Debug|x64
		{0D164B66-228E-3034-A789-5CA5A375CF95}.Release|x64.ActiveCfg = Release|x64
		{0D164B66-228E-3034-A789-5CA5A375CF95}.Release|x64.Build.0 = Release|x64
		{0D164B66-228E-3034-A789-5CA5A375CF95}.MinSizeRel|x64.ActiveCfg = MinSizeRel|x64
		{0D164B66-228E-3034-A789-5CA5A375CF95}.MinSizeRel|x64.Build.0 = MinSizeRel|x64
		{0D164B66-228E-3034-A789-5CA5A375CF95}.RelWithDebInfo|x64.ActiveCfg = RelWithDebInfo|x64
		{0D164B66-228E-3034-A789-5CA5A375CF95}.RelWithDebInfo|x64.Build.0 = RelWithDebInfo|x64
		{F9167B16-23A7-3231-B0A6-FB73A71BC946}.Debug|x64.ActiveCfg = Debug|x64
		{F9167B16-23A7-3231-B0A6-FB73A71BC946}.Debug|x64.Build.0 = Debug|x64
		{F9167B16-23A7-3231-B0A6-FB73A71BC946}.Release|x64.ActiveCfg = Release|x64
		{F9167B16-23A7-3231-B0A6-FB73A71BC946}.Release|x64.Build.0 = Release|x64
		{F9167B16-23A7-3231-B0A6-FB73A71BC946}.MinSizeRel|x64.ActiveCfg = MinSizeRel|x64
		{F9167B16-23A7-3231-B0A6-FB73A71BC946}.MinSizeRel|x64.Build.0 = MinSizeRel|x64
		{F9167B16-23A7-3231-B0A6-FB73A71BC946}.RelWithDebInfo|x64.ActiveCfg = RelWithDebInfo|x64
		{F9167B16-23A7-3231-B0A6-FB73A71BC946}.RelWithDebInfo|x64.Build.0 = RelWithDebInfo|x64
		{905F5A44-F932-3727-A6BD-FEAC0810F433}.Debug|x64.ActiveCfg = Debug|x64
		{905F5A44-F932-3727-A6BD-FEAC0810F433}.Debug|x64.Build.0 = Debug|x64
		{905F5A44-F932-3727-A6BD-FEAC0810F433}.Release|x64.ActiveCfg = Release|x64
		{905F5A44-F932-3727-A6BD-FEAC0810F433}.Release|x64.Build.0 = Release|x64
		{905F5A44-F932-3727-A6BD-FEAC0810F433}.MinSizeRel|x64.ActiveCfg = MinSizeRel|x64
		{905F5A44-F932-3727-A6BD-FEAC0810F433}.MinSizeRel|x64.Build.0 = MinSizeRel|x64
		{905F5A44-F932-3727-A6BD-FEAC0810F433}.RelWithDebInfo|x64.ActiveCfg = RelWithDebInfo|x64
		{905F5A44-F932-3727-A6BD-FEAC0810F433}.RelWithDebInfo|x64.Build.0 = RelWithDebInfo|x64
		{32CB4955-740F-3102-A182-4192F77A69F7}.Debug|x64.ActiveCfg = Debug|x64
		{32CB4955-740F-3102-A182-4192F77A69F7}.Debug|x64.Build.0 = Debug|x64
		{32CB4955-740F-3102-A182-4192F77A69F7}.Release|x64.ActiveCfg = Release|x64
		{32CB4955-740F-3102-A182-4192F77A69F7}.Release|x64.Build.0 = Release|x64
		{32CB4955-740F-3102-A182-4192F77A69F7}.MinSizeRel|x64.ActiveCfg = MinSizeRel|x64
		{32CB4955-740F-3102-A182-4192F77A69F7}.MinSizeRel|x64.Build.0 = MinSizeRel|x64
		{32CB4955-740F-3102-A182-4192F77A69F7}.RelWithDebInfo|x64.ActiveCfg = RelWithDebInfo|x64
		{32CB4955-740F-3102-A182-4192F77A69F7}.RelWithDebInfo|x64.Build.0 = RelWithDebInfo|x64
		{5D8A8E19-0222-3E8E-9565-63E7242C23D9}.Debug|x64.ActiveCfg = Debug|x64
		{5D8A8E19-0222-3E8E-9565-63E7242C23D9}.Debug|x64.Build.0 = Debug|x64
		{5D8A8E19-0222-3E8E-9565-63E7242C23D9}.Release|x64.ActiveCfg = Release|x64
		{5D8A8E19-0222-3E8E-9565-63E7242C23D9}.Release|x64.Build.0 = Release|x64
		{5D8A8E19-0222-3E8E-9565-63E7242C23D9}.MinSizeRel|x64.ActiveCfg = MinSizeRel|x64
		{5D8A8E19-0222-3E8E-9565-63E7242C23D9}.MinSizeRel|x64.Build.0 = MinSizeRel|x64
		{5D8A8E19-0222-3E8E-9565-63E7242C23D9}.RelWithDebInfo|x64.ActiveCfg = RelWithDebInfo|x64
		{5D8A8E19-0222-3E8E-9565-63E7242C23D9}.RelWithDebInfo|x64.Build.0 = RelWithDebInfo|x64
		{27DD8D54-98FF-358F-BD1F-458383C04A73}.Debug|x64.ActiveCfg = Debug|x64
		{27DD8D54-98FF-358F-BD1F-458383C04A73}.Debug|x64.Build.0 = Debug|x64
		{27DD8D54-98FF-358F-BD1F-458383C04A73}.Release|x64.ActiveCfg = Release|x64
		{27DD8D54-98FF-358F-BD1F-458383C04A73}.Release|x64.Build.0 = Release|x64
		{27DD8D54-98FF-358F-BD1F-458383C04A73}.MinSizeRel|x64.ActiveCfg = MinSizeRel|x64
		{27DD8D54-98FF-358F-BD1F-458383C04A73}.MinSizeRel|x64.Build.0 = MinSizeRel|x64
		{27DD8D54-98FF-358F-BD1F-458383C04A73}.RelWithDebInfo|x64.ActiveCfg = RelWithDebInfo|x64
		{27DD8D54-98FF-358F-BD1F-458383C04A73}.RelWithDebInfo|x64.Build.0 = RelWithDebInfo|x64
		{09795EB0-FADA-3737-BF68-8437C81D798E}.Debug|x64.ActiveCfg = Debug|x64
		{09795EB0-FADA-3737-BF68-8437C81D798E}.Debug|x64.Build.0 = Debug|x64
		{09795EB0-FADA-3737-BF68-8437C81D798E}.Release|x64.ActiveCfg = Release|x64
		{09795EB0-FADA-3737-BF68-8437C81D798E}.Release|x64.Build.0 = Release|x64
		{09795EB0-FADA-3737-BF68-8437C81D798E}.MinSizeRel|x64.ActiveCfg = MinSizeRel|x64
		{09795EB0-FADA-3737-BF68-8437C81D798E}.MinSizeRel|x64.Build.0 = MinSizeRel|x64
		{09795EB0-FADA-3737-BF68-8437C81D798E}.RelWithDebInfo|x64.ActiveCfg = RelWithDebInfo|x64
		{09795EB0-FADA-3737-BF68-8437C81D798E}.RelWithDebInfo|x64.Build.0 = RelWithDebInfo|x64
	EndGlobalSection
	GlobalSection(ExtensibilityGlobals) = postSolution
	EndGlobalSection
	GlobalSection(ExtensibilityAddIns) = postSolution
	EndGlobalSection
EndGlobal
