<?xml version="1.0" encoding="UTF-8"?>
<Project ToolsVersion="14.0" xmlns="http://schemas.microsoft.com/developer/msbuild/2003">
  <ItemGroup>
    <ClCompile Include="C:\Users\USER\Desktop\Connection\src\MainCamera\mainCamera.cpp">
      <Filter>Source Files</Filter>
    </ClCompile>
  </ItemGroup>
  <ItemGroup>
    <ClInclude Include="C:\Users\USER\Desktop\Connection\src\MainCamera\mainCamera.hpp">
      <Filter>Header Files</Filter>
    </ClInclude>
  </ItemGroup>
  <ItemGroup>
    <CustomBuild Include="C:\Users\USER\Desktop\Connection\src\MainCamera\CMakeLists.txt" />
  </ItemGroup>
  <ItemGroup>
    <Filter Include="Source Files">
      <UniqueIdentifier>{F892EBB0-A493-3F56-BCB4-F0BE467F7487}</UniqueIdentifier>
    </Filter>
    <Filter Include="Header Files">
      <UniqueIdentifier>{CE019DF1-DCD0-35FB-8965-8EE9E759E408}</UniqueIdentifier>
    </Filter>
  </ItemGroup>
</Project>
