// !$*UTF8*$!
{
	archiveVersion = 1;
	classes = {
	};
	objectVersion = 46;
	objects = {

/* Begin PBXAggregateTarget section */
		52362227BF13474FB3CFD889 /* ALL_BUILD */ = {
			isa = PBXAggregateTarget;
			buildConfigurationList = 4D2B1D28406440678E7F1506 /* Build configuration list for PBXAggregateTarget "ALL_BUILD" */;
			buildPhases = (
				CCD0786B7B8E425CBC9AB395 /* CMake Rules */,
			);
			dependencies = (
				EFA04D55C62B465A957E0FB9 /* PBXTargetDependency */,
				B8BFC5E9A69E42459018DDB3 /* PBXTargetDependency */,
				C21C300A7983461E8C35A805 /* PBXTargetDependency */,
			);
			name = ALL_BUILD;
			productName = ALL_BUILD;
		};
		F790D748D3604DAC918894A4 /* ZERO_CHECK */ = {
			isa = PBXAggregateTarget;
			buildConfigurationList = 1F2B3DCD431548F19503D1CF /* Build configuration list for PBXAggregateTarget "ZERO_CHECK" */;
			buildPhases = (
				94D61D09C1254C3792F02CB9 /* CMake Rules */,
			);
			dependencies = (
			);
			name = ZERO_CHECK;
			productName = ZERO_CHECK;
		};
/* End PBXAggregateTarget section */

/* Begin PBXBuildFile section */
		2C6573D61EA74B289ED91FAC /* /Users/yanai/Desktop/Connection/Server/src/Udp/udp.cpp */ = {isa = PBXBuildFile; fileRef = F9535D3282904EC3A6144D03 /* /Users/yanai/Desktop/Connection/Server/src/Udp/udp.cpp */; settings = {COMPILER_FLAGS = ""; }; };
		67F3B9F1110C483E847215DC /* /Users/yanai/Desktop/Connection/Server/src/Udp/udp.hpp */ = {isa = PBXBuildFile; fileRef = 0BD847182BB4448989FD8EA2 /* /Users/yanai/Desktop/Connection/Server/src/Udp/udp.hpp */; settings = {COMPILER_FLAGS = ""; }; };
		6B9A8B936C4B4B7BA7FF3BA5 /* /Users/yanai/Desktop/Connection/Server/src/main.cpp */ = {isa = PBXBuildFile; fileRef = 44FC31E9AF5E4220BD50BB01 /* /Users/yanai/Desktop/Connection/Server/src/main.cpp */; settings = {COMPILER_FLAGS = ""; }; };
		D610428A251C43329731C7E4 /* /Users/yanai/Desktop/Connection/Server/src/Udp/CMakeLists.txt */ = {isa = PBXBuildFile; fileRef = 0BCEEEA974F6498A80980B7A /* /Users/yanai/Desktop/Connection/Server/src/Udp/CMakeLists.txt */; settings = {COMPILER_FLAGS = ""; }; };
		E4FC698CD48C44458FA86F85 /* /Users/yanai/Desktop/Connection/Server/src/CMakeLists.txt */ = {isa = PBXBuildFile; fileRef = DB9C450E87E54E648DF09854 /* /Users/yanai/Desktop/Connection/Server/src/CMakeLists.txt */; settings = {COMPILER_FLAGS = ""; }; };
/* End PBXBuildFile section */

/* Begin PBXBuildStyle section */
		0A3B54AED44A4A92A276F961 /* RelWithDebInfo */ = {
			isa = PBXBuildStyle;
			buildSettings = {
				COPY_PHASE_STRIP = NO;
			};
			name = RelWithDebInfo;
		};
		99C1D04D99DA4788B6163720 = {
			isa = PBXBuildStyle;
		};
		C618E2EF7DBE441B92E549C8 /* Release */ = {
			isa = PBXBuildStyle;
			buildSettings = {
				COPY_PHASE_STRIP = NO;
			};
			name = Release;
		};
		F0627C7AE958410197BD64B1 /* MinSizeRel */ = {
			isa = PBXBuildStyle;
			buildSettings = {
				COPY_PHASE_STRIP = NO;
			};
			name = MinSizeRel;
		};
		F87E420B21A84CBBBE44A386 /* Debug */ = {
			isa = PBXBuildStyle;
			buildSettings = {
				COPY_PHASE_STRIP = NO;
			};
			name = Debug;
		};
/* End PBXBuildStyle section */

/* Begin PBXContainerItemProxy section */
		14D928C2BC4144B7BE73D2DC /* PBXContainerItemProxy */ = {
			isa = PBXContainerItemProxy;
			containerPortal = 2008AB2E9FBE4A59BFE451F0 /* Project object */;
			proxyType = 1;
			remoteGlobalIDString = 5451CFF903544B388CD89539;
			remoteInfo = Server;
		};
		758D2B1D4AA0464C96D59D84 /* PBXContainerItemProxy */ = {
			isa = PBXContainerItemProxy;
			containerPortal = 2008AB2E9FBE4A59BFE451F0 /* Project object */;
			proxyType = 1;
			remoteGlobalIDString = EC7B73E65B5346ACAAE0D058;
			remoteInfo = Udp;
		};
		8AFC0BE952134766A56FF254 /* PBXContainerItemProxy */ = {
			isa = PBXContainerItemProxy;
			containerPortal = 2008AB2E9FBE4A59BFE451F0 /* Project object */;
			proxyType = 1;
			remoteGlobalIDString = F790D748D3604DAC918894A4;
			remoteInfo = ZERO_CHECK;
		};
		C90FBC43291F4155B25E2267 /* PBXContainerItemProxy */ = {
			isa = PBXContainerItemProxy;
			containerPortal = 2008AB2E9FBE4A59BFE451F0 /* Project object */;
			proxyType = 1;
			remoteGlobalIDString = F790D748D3604DAC918894A4;
			remoteInfo = ZERO_CHECK;
		};
		CF68EEC635AA4163AA0FBC16 /* PBXContainerItemProxy */ = {
			isa = PBXContainerItemProxy;
			containerPortal = 2008AB2E9FBE4A59BFE451F0 /* Project object */;
			proxyType = 1;
			remoteGlobalIDString = EC7B73E65B5346ACAAE0D058;
			remoteInfo = Udp;
		};
		E2F0B528D6C44BF69C5A0AC4 /* PBXContainerItemProxy */ = {
			isa = PBXContainerItemProxy;
			containerPortal = 2008AB2E9FBE4A59BFE451F0 /* Project object */;
			proxyType = 1;
			remoteGlobalIDString = F790D748D3604DAC918894A4;
			remoteInfo = ZERO_CHECK;
		};
/* End PBXContainerItemProxy section */

/* Begin PBXFileReference section */
		05BB7A26A500443FB222FAE0 /* /Users/yanai/Desktop/Connection/Server/CMakeLists.txt */ = {isa = PBXFileReference; explicitFileType = sourcecode.text; fileEncoding = 4; name = CMakeLists.txt; path = CMakeLists.txt; sourceTree = SOURCE_ROOT; };
		063A0A6728C64600A3B606CB /* /Users/yanai/Desktop/Connection/Server/CMakeLists.txt */ = {isa = PBXFileReference; explicitFileType = sourcecode.text; fileEncoding = 4; name = CMakeLists.txt; path = CMakeLists.txt; sourceTree = SOURCE_ROOT; };
		0BCEEEA974F6498A80980B7A /* /Users/yanai/Desktop/Connection/Server/src/Udp/CMakeLists.txt */ = {isa = PBXFileReference; explicitFileType = sourcecode.text; fileEncoding = 4; name = CMakeLists.txt; path = src/Udp/CMakeLists.txt; sourceTree = SOURCE_ROOT; };
		0BD847182BB4448989FD8EA2 /* /Users/yanai/Desktop/Connection/Server/src/Udp/udp.hpp */ = {isa = PBXFileReference; explicitFileType = sourcecode.cpp.h; fileEncoding = 4; name = udp.hpp; path = src/Udp/udp.hpp; sourceTree = SOURCE_ROOT; };
		44FC31E9AF5E4220BD50BB01 /* /Users/yanai/Desktop/Connection/Server/src/main.cpp */ = {isa = PBXFileReference; explicitFileType = sourcecode.cpp.cpp; fileEncoding = 4; name = main.cpp; path = src/main.cpp; sourceTree = SOURCE_ROOT; };
		48F4EC79A3744CCC91C420F3 /* Udp */ = {isa = PBXFileReference; explicitFileType = archive.ar; path = libUdp.a; refType = 0; sourceTree = BUILT_PRODUCTS_DIR; };
		58CA437EFE2A4304AEC11C02 /* Server */ = {isa = PBXFileReference; explicitFileType = "compiled.mach-o.executable"; path = Server; refType = 0; sourceTree = BUILT_PRODUCTS_DIR; };
		DB9C450E87E54E648DF09854 /* /Users/yanai/Desktop/Connection/Server/src/CMakeLists.txt */ = {isa = PBXFileReference; explicitFileType = sourcecode.text; fileEncoding = 4; name = CMakeLists.txt; path = src/CMakeLists.txt; sourceTree = SOURCE_ROOT; };
		F9535D3282904EC3A6144D03 /* /Users/yanai/Desktop/Connection/Server/src/Udp/udp.cpp */ = {isa = PBXFileReference; explicitFileType = sourcecode.cpp.cpp; fileEncoding = 4; name = udp.cpp; path = src/Udp/udp.cpp; sourceTree = SOURCE_ROOT; };
/* End PBXFileReference section */

/* Begin PBXGroup section */
		39108DF88F29446D817ECEEF /* CMake Rules */ = {
			isa = PBXGroup;
			children = (
			);
			name = "CMake Rules";
			sourceTree = "<group>";
		};
		4A8F5465E9CE46BBA8954C5D /* CMake Rules */ = {
			isa = PBXGroup;
			children = (
			);
			name = "CMake Rules";
			sourceTree = "<group>";
		};
		613B6449DC87422B9BEF949F /* Resources */ = {
			isa = PBXGroup;
			children = (
			);
			name = Resources;
			sourceTree = "<group>";
		};
		70BE95D4CD8144D086726AAF /* ZERO_CHECK */ = {
			isa = PBXGroup;
			children = (
				4A8F5465E9CE46BBA8954C5D /* CMake Rules */,
				063A0A6728C64600A3B606CB /* /Users/yanai/Desktop/Connection/Server/CMakeLists.txt */,
			);
			name = ZERO_CHECK;
			sourceTree = "<group>";
		};
		77E81F34CC3E4D8FA7AA0A7A /* Sources */ = {
			isa = PBXGroup;
			children = (
				807B32E845B14AAF9C34673F /* ALL_BUILD */,
				70BE95D4CD8144D086726AAF /* ZERO_CHECK */,
				CCDD4EE3BCFB48A985EC5426 /* Server */,
				F4721F4031004636AFF164E7 /* Udp */,
			);
			name = Sources;
			sourceTree = "<group>";
		};
		7EE33554D04D4FB6949ED97A /* Source Files */ = {
			isa = PBXGroup;
			children = (
				44FC31E9AF5E4220BD50BB01 /* /Users/yanai/Desktop/Connection/Server/src/main.cpp */,
			);
			name = "Source Files";
			sourceTree = "<group>";
		};
		807B32E845B14AAF9C34673F /* ALL_BUILD */ = {
			isa = PBXGroup;
			children = (
				39108DF88F29446D817ECEEF /* CMake Rules */,
				05BB7A26A500443FB222FAE0 /* /Users/yanai/Desktop/Connection/Server/CMakeLists.txt */,
			);
			name = ALL_BUILD;
			sourceTree = "<group>";
		};
		C1DC3A654F5646F1A6D0D2A0 = {
			isa = PBXGroup;
			children = (
				77E81F34CC3E4D8FA7AA0A7A /* Sources */,
				613B6449DC87422B9BEF949F /* Resources */,
				EF5C4DD6D21F4F7990F25774 /* Products */,
			);
			sourceTree = "<group>";
		};
		C7F7463E2F8A48A5B042CFF5 /* Header Files */ = {
			isa = PBXGroup;
			children = (
				0BD847182BB4448989FD8EA2 /* /Users/yanai/Desktop/Connection/Server/src/Udp/udp.hpp */,
			);
			name = "Header Files";
			sourceTree = "<group>";
		};
		CCDD4EE3BCFB48A985EC5426 /* Server */ = {
			isa = PBXGroup;
			children = (
				7EE33554D04D4FB6949ED97A /* Source Files */,
				DB9C450E87E54E648DF09854 /* /Users/yanai/Desktop/Connection/Server/src/CMakeLists.txt */,
			);
			name = Server;
			sourceTree = "<group>";
		};
		DC94ABAD95364A2FB8A5FB12 /* Source Files */ = {
			isa = PBXGroup;
			children = (
				F9535D3282904EC3A6144D03 /* /Users/yanai/Desktop/Connection/Server/src/Udp/udp.cpp */,
			);
			name = "Source Files";
			sourceTree = "<group>";
		};
		EF5C4DD6D21F4F7990F25774 /* Products */ = {
			isa = PBXGroup;
			children = (
				58CA437EFE2A4304AEC11C02 /* Server */,
				48F4EC79A3744CCC91C420F3 /* Udp */,
			);
			name = Products;
			sourceTree = "<group>";
		};
		F4721F4031004636AFF164E7 /* Udp */ = {
			isa = PBXGroup;
			children = (
				C7F7463E2F8A48A5B042CFF5 /* Header Files */,
				DC94ABAD95364A2FB8A5FB12 /* Source Files */,
				0BCEEEA974F6498A80980B7A /* /Users/yanai/Desktop/Connection/Server/src/Udp/CMakeLists.txt */,
			);
			name = Udp;
			sourceTree = "<group>";
		};
/* End PBXGroup section */

/* Begin PBXNativeTarget section */
		5451CFF903544B388CD89539 /* Server */ = {
			isa = PBXNativeTarget;
			buildConfigurationList = 7B69EB7CB8EB46BF964D5B4B /* Build configuration list for PBXNativeTarget "Server" */;
			buildPhases = (
				50BB053EADC342239F85D27C /* Sources */,
			);
			buildRules = (
			);
			dependencies = (
				55A9CBD2CA684D918E24E78F /* PBXTargetDependency */,
				DCF8B6C352F94513A1F64479 /* PBXTargetDependency */,
			);
			name = Server;
			productName = Server;
			productReference = 58CA437EFE2A4304AEC11C02 /* Server */;
			productType = "com.apple.product-type.tool";
		};
		EC7B73E65B5346ACAAE0D058 /* Udp */ = {
			isa = PBXNativeTarget;
			buildConfigurationList = 4924C607D2F6492CB2BA73F3 /* Build configuration list for PBXNativeTarget "Udp" */;
			buildPhases = (
				202A5DDB6FCB4A51A1EF0FDF /* Sources */,
			);
			buildRules = (
			);
			dependencies = (
				ADA549BD307B4A3D8FC8E5F8 /* PBXTargetDependency */,
			);
			name = Udp;
			productName = Udp;
			productReference = 48F4EC79A3744CCC91C420F3 /* Udp */;
			productType = "com.apple.product-type.library.static";
		};
/* End PBXNativeTarget section */

/* Begin PBXProject section */
		2008AB2E9FBE4A59BFE451F0 /* Project object */ = {
			isa = PBXProject;
			attributes = {
				BuildIndependentTargetsInParallel = YES;
				LastUpgradeCheck = 0730;
			};
			buildConfigurationList = F7DC29657A7B4F3A9B67FCA6 /* Build configuration list for PBXProject "Server" */;
			buildSettings = {
			};
			buildStyles = (
				F87E420B21A84CBBBE44A386 /* Debug */,
				C618E2EF7DBE441B92E549C8 /* Release */,
				F0627C7AE958410197BD64B1 /* MinSizeRel */,
				0A3B54AED44A4A92A276F961 /* RelWithDebInfo */,
			);
			compatibilityVersion = "Xcode 3.2";
			hasScannedForEncodings = 0;
			mainGroup = C1DC3A654F5646F1A6D0D2A0;
			projectDirPath = ../;
			projectRoot = "";
			targets = (
				52362227BF13474FB3CFD889 /* ALL_BUILD */,
				F790D748D3604DAC918894A4 /* ZERO_CHECK */,
				5451CFF903544B388CD89539 /* Server */,
				EC7B73E65B5346ACAAE0D058 /* Udp */,
			);
		};
/* End PBXProject section */

/* Begin PBXShellScriptBuildPhase section */
		5217BDC7D7EF48C8BA74D6F4 = {
			isa = PBXShellScriptBuildPhase;
			buildActionMask = 2147483647;
			files = (
			);
			inputPaths = (
			);
			outputPaths = (
			);
			runOnlyForDeploymentPostprocessing = 0;
			shellPath = /bin/sh;
			shellScript = "# shell script goes here
exit 0";
			showEnvVarsInLog = 0;
		};
		82576C6FD5A84AC58BE22F2F = {
			isa = PBXShellScriptBuildPhase;
			buildActionMask = 2147483647;
			files = (
			);
			inputPaths = (
			);
			outputPaths = (
			);
			runOnlyForDeploymentPostprocessing = 0;
			shellPath = /bin/sh;
			shellScript = "# shell script goes here
exit 0";
			showEnvVarsInLog = 0;
		};
		94D61D09C1254C3792F02CB9 /* CMake Rules */ = {
			isa = PBXShellScriptBuildPhase;
			buildActionMask = 2147483647;
			files = (
			);
			name = "CMake Rules";
			runOnlyForDeploymentPostprocessing = 0;
			shellPath = /bin/sh;
			shellScript = "make -C /Users/yanai/Desktop/Connection/Server/xcode -f /Users/yanai/Desktop/Connection/Server/xcode/CMakeScripts/ZERO_CHECK_cmakeRulesBuildPhase.make$CONFIGURATION all";
			showEnvVarsInLog = 0;
		};
		CCD0786B7B8E425CBC9AB395 /* CMake Rules */ = {
			isa = PBXShellScriptBuildPhase;
			buildActionMask = 2147483647;
			files = (
			);
			name = "CMake Rules";
			runOnlyForDeploymentPostprocessing = 0;
			shellPath = /bin/sh;
			shellScript = "make -C /Users/yanai/Desktop/Connection/Server/xcode -f /Users/yanai/Desktop/Connection/Server/xcode/CMakeScripts/ALL_BUILD_cmakeRulesBuildPhase.make$CONFIGURATION all";
			showEnvVarsInLog = 0;
		};
/* End PBXShellScriptBuildPhase section */

/* Begin PBXSourcesBuildPhase section */
		202A5DDB6FCB4A51A1EF0FDF /* Sources */ = {
			isa = PBXSourcesBuildPhase;
			buildActionMask = 2147483647;
			files = (
				2C6573D61EA74B289ED91FAC /* /Users/yanai/Desktop/Connection/Server/src/Udp/udp.cpp */,
			);
			runOnlyForDeploymentPostprocessing = 0;
		};
		50BB053EADC342239F85D27C /* Sources */ = {
			isa = PBXSourcesBuildPhase;
			buildActionMask = 2147483647;
			files = (
				6B9A8B936C4B4B7BA7FF3BA5 /* /Users/yanai/Desktop/Connection/Server/src/main.cpp */,
			);
			runOnlyForDeploymentPostprocessing = 0;
		};
/* End PBXSourcesBuildPhase section */

/* Begin PBXTargetDependency section */
		55A9CBD2CA684D918E24E78F /* PBXTargetDependency */ = {
			isa = PBXTargetDependency;
			target = EC7B73E65B5346ACAAE0D058 /* Udp */;
			targetProxy = 758D2B1D4AA0464C96D59D84 /* PBXContainerItemProxy */;
		};
		ADA549BD307B4A3D8FC8E5F8 /* PBXTargetDependency */ = {
			isa = PBXTargetDependency;
			target = F790D748D3604DAC918894A4 /* ZERO_CHECK */;
			targetProxy = E2F0B528D6C44BF69C5A0AC4 /* PBXContainerItemProxy */;
		};
		B8BFC5E9A69E42459018DDB3 /* PBXTargetDependency */ = {
			isa = PBXTargetDependency;
			target = EC7B73E65B5346ACAAE0D058 /* Udp */;
			targetProxy = CF68EEC635AA4163AA0FBC16 /* PBXContainerItemProxy */;
		};
		C21C300A7983461E8C35A805 /* PBXTargetDependency */ = {
			isa = PBXTargetDependency;
			target = F790D748D3604DAC918894A4 /* ZERO_CHECK */;
			targetProxy = 8AFC0BE952134766A56FF254 /* PBXContainerItemProxy */;
		};
		DCF8B6C352F94513A1F64479 /* PBXTargetDependency */ = {
			isa = PBXTargetDependency;
			target = F790D748D3604DAC918894A4 /* ZERO_CHECK */;
			targetProxy = C90FBC43291F4155B25E2267 /* PBXContainerItemProxy */;
		};
		EFA04D55C62B465A957E0FB9 /* PBXTargetDependency */ = {
			isa = PBXTargetDependency;
			target = 5451CFF903544B388CD89539 /* Server */;
			targetProxy = 14D928C2BC4144B7BE73D2DC /* PBXContainerItemProxy */;
		};
/* End PBXTargetDependency section */

/* Begin XCBuildConfiguration section */
		01CF96D91A6749CBA84B33DA /* RelWithDebInfo */ = {
			isa = XCBuildConfiguration;
			buildSettings = {
				COMBINE_HIDPI_IMAGES = YES;
				GCC_GENERATE_DEBUGGING_SYMBOLS = YES;
				GCC_INLINES_ARE_PRIVATE_EXTERN = NO;
				GCC_OPTIMIZATION_LEVEL = 0;
				GCC_PREPROCESSOR_DEFINITIONS = ("'CMAKE_INTDIR=\"$(CONFIGURATION)$(EFFECTIVE_PLATFORM_NAME)\"'", );
				GCC_SYMBOLS_PRIVATE_EXTERN = NO;
				INSTALL_PATH = "";
				OTHER_LDFLAGS = " ";
				OTHER_REZFLAGS = "";
				PRODUCT_NAME = ZERO_CHECK;
				SECTORDER_FLAGS = "";
				SYMROOT = /Users/yanai/Desktop/Connection/Server/xcode;
				USE_HEADERMAP = NO;
				WARNING_CFLAGS = ("-Wmost", "-Wno-four-char-constants", "-Wno-unknown-pragmas", "$(inherited)", );
			};
			name = RelWithDebInfo;
		};
		0F14B2FD2AC345AE99E7CE5A /* Release */ = {
			isa = XCBuildConfiguration;
			buildSettings = {
				COMBINE_HIDPI_IMAGES = YES;
				GCC_GENERATE_DEBUGGING_SYMBOLS = YES;
				GCC_INLINES_ARE_PRIVATE_EXTERN = NO;
				GCC_OPTIMIZATION_LEVEL = 0;
				GCC_PREPROCESSOR_DEFINITIONS = ("'CMAKE_INTDIR=\"$(CONFIGURATION)$(EFFECTIVE_PLATFORM_NAME)\"'", );
				GCC_SYMBOLS_PRIVATE_EXTERN = NO;
				INSTALL_PATH = "";
				OTHER_LDFLAGS = " ";
				OTHER_REZFLAGS = "";
				PRODUCT_NAME = ZERO_CHECK;
				SECTORDER_FLAGS = "";
				SYMROOT = /Users/yanai/Desktop/Connection/Server/xcode;
				USE_HEADERMAP = NO;
				WARNING_CFLAGS = ("-Wmost", "-Wno-four-char-constants", "-Wno-unknown-pragmas", "$(inherited)", );
			};
			name = Release;
		};
		2384D1CA63E64EA88C13B272 /* Release */ = {
			isa = XCBuildConfiguration;
			buildSettings = {
				COMBINE_HIDPI_IMAGES = YES;
				EXECUTABLE_PREFIX = lib;
				EXECUTABLE_SUFFIX = .a;
				GCC_GENERATE_DEBUGGING_SYMBOLS = NO;
				GCC_INLINES_ARE_PRIVATE_EXTERN = NO;
				GCC_OPTIMIZATION_LEVEL = 3;
				GCC_PREPROCESSOR_DEFINITIONS = ("'CMAKE_INTDIR=\"$(CONFIGURATION)$(EFFECTIVE_PLATFORM_NAME)\"'", );
				GCC_SYMBOLS_PRIVATE_EXTERN = NO;
				HEADER_SEARCH_PATHS = (/Users/yanai/Desktop/Connection/Server/include, );
				INSTALL_PATH = "";
				LIBRARY_STYLE = STATIC;
				OTHER_CPLUSPLUSFLAGS = "    -DNDEBUG   -std=c++14";
				OTHER_LIBTOOLFLAGS = " ";
				OTHER_REZFLAGS = "";
				PRODUCT_NAME = Udp;
				SECTORDER_FLAGS = "";
				SYMROOT = /Users/yanai/Desktop/Connection/Server/xcode/src/Udp;
				USE_HEADERMAP = NO;
				WARNING_CFLAGS = ("-Wmost", "-Wno-four-char-constants", "-Wno-unknown-pragmas", "$(inherited)", );
			};
			name = Release;
		};
		3245069D0FEC4BC7AD388D59 /* Debug */ = {
			isa = XCBuildConfiguration;
			buildSettings = {
				COMBINE_HIDPI_IMAGES = YES;
				EXECUTABLE_PREFIX = "";
				EXECUTABLE_SUFFIX = "";
				GCC_GENERATE_DEBUGGING_SYMBOLS = YES;
				GCC_INLINES_ARE_PRIVATE_EXTERN = NO;
				GCC_OPTIMIZATION_LEVEL = 0;
				GCC_PREPROCESSOR_DEFINITIONS = ("'CMAKE_INTDIR=\"$(CONFIGURATION)$(EFFECTIVE_PLATFORM_NAME)\"'", );
				GCC_SYMBOLS_PRIVATE_EXTERN = NO;
				HEADER_SEARCH_PATHS = (/Users/yanai/Desktop/Connection/Server/include, );
				INSTALL_PATH = "";
				LIBRARY_SEARCH_PATHS = "";
				OTHER_CPLUSPLUSFLAGS = "     -std=c++14";
				OTHER_LDFLAGS = " -Wl,-search_paths_first -Wl,-headerpad_max_install_names  /Users/yanai/Desktop/Connection/Server/xcode/src/Udp/Debug/libUdp.a";
				OTHER_REZFLAGS = "";
				PRODUCT_NAME = Server;
				SECTORDER_FLAGS = "";
				SYMROOT = /Users/yanai/Desktop/Connection/Server/xcode/src;
				USE_HEADERMAP = NO;
				WARNING_CFLAGS = ("-Wmost", "-Wno-four-char-constants", "-Wno-unknown-pragmas", "$(inherited)", );
			};
			name = Debug;
		};
		36DC580781344C4E9C58F5A8 /* MinSizeRel */ = {
			isa = XCBuildConfiguration;
			buildSettings = {
				COMBINE_HIDPI_IMAGES = YES;
				EXECUTABLE_PREFIX = "";
				EXECUTABLE_SUFFIX = "";
				GCC_GENERATE_DEBUGGING_SYMBOLS = NO;
				GCC_INLINES_ARE_PRIVATE_EXTERN = NO;
				GCC_OPTIMIZATION_LEVEL = s;
				GCC_PREPROCESSOR_DEFINITIONS = ("'CMAKE_INTDIR=\"$(CONFIGURATION)$(EFFECTIVE_PLATFORM_NAME)\"'", );
				GCC_SYMBOLS_PRIVATE_EXTERN = NO;
				HEADER_SEARCH_PATHS = (/Users/yanai/Desktop/Connection/Server/include, );
				INSTALL_PATH = "";
				LIBRARY_SEARCH_PATHS = "";
				OTHER_CPLUSPLUSFLAGS = "    -DNDEBUG   -std=c++14";
				OTHER_LDFLAGS = " -Wl,-search_paths_first -Wl,-headerpad_max_install_names  /Users/yanai/Desktop/Connection/Server/xcode/src/Udp/MinSizeRel/libUdp.a";
				OTHER_REZFLAGS = "";
				PRODUCT_NAME = Server;
				SECTORDER_FLAGS = "";
				SYMROOT = /Users/yanai/Desktop/Connection/Server/xcode/src;
				USE_HEADERMAP = NO;
				WARNING_CFLAGS = ("-Wmost", "-Wno-four-char-constants", "-Wno-unknown-pragmas", "$(inherited)", );
			};
			name = MinSizeRel;
		};
		372DD0643193462988711A16 /* Debug */ = {
			isa = XCBuildConfiguration;
			buildSettings = {
				COMBINE_HIDPI_IMAGES = YES;
				GCC_GENERATE_DEBUGGING_SYMBOLS = YES;
				GCC_INLINES_ARE_PRIVATE_EXTERN = NO;
				GCC_OPTIMIZATION_LEVEL = 0;
				GCC_PREPROCESSOR_DEFINITIONS = ("'CMAKE_INTDIR=\"$(CONFIGURATION)$(EFFECTIVE_PLATFORM_NAME)\"'", );
				GCC_SYMBOLS_PRIVATE_EXTERN = NO;
				INSTALL_PATH = "";
				OTHER_LDFLAGS = " ";
				OTHER_REZFLAGS = "";
				PRODUCT_NAME = ALL_BUILD;
				SECTORDER_FLAGS = "";
				SYMROOT = /Users/yanai/Desktop/Connection/Server/xcode;
				USE_HEADERMAP = NO;
				WARNING_CFLAGS = ("-Wmost", "-Wno-four-char-constants", "-Wno-unknown-pragmas", "$(inherited)", );
			};
			name = Debug;
		};
		3E15E49443274C158BF52544 /* Debug */ = {
			isa = XCBuildConfiguration;
			buildSettings = {
				COMBINE_HIDPI_IMAGES = YES;
				EXECUTABLE_PREFIX = lib;
				EXECUTABLE_SUFFIX = .a;
				GCC_GENERATE_DEBUGGING_SYMBOLS = YES;
				GCC_INLINES_ARE_PRIVATE_EXTERN = NO;
				GCC_OPTIMIZATION_LEVEL = 0;
				GCC_PREPROCESSOR_DEFINITIONS = ("'CMAKE_INTDIR=\"$(CONFIGURATION)$(EFFECTIVE_PLATFORM_NAME)\"'", );
				GCC_SYMBOLS_PRIVATE_EXTERN = NO;
				HEADER_SEARCH_PATHS = (/Users/yanai/Desktop/Connection/Server/include, );
				INSTALL_PATH = "";
				LIBRARY_STYLE = STATIC;
				OTHER_CPLUSPLUSFLAGS = "     -std=c++14";
				OTHER_LIBTOOLFLAGS = " ";
				OTHER_REZFLAGS = "";
				PRODUCT_NAME = Udp;
				SECTORDER_FLAGS = "";
				SYMROOT = /Users/yanai/Desktop/Connection/Server/xcode/src/Udp;
				USE_HEADERMAP = NO;
				WARNING_CFLAGS = ("-Wmost", "-Wno-four-char-constants", "-Wno-unknown-pragmas", "$(inherited)", );
			};
			name = Debug;
		};
		58C400B691D8443181E6B315 /* MinSizeRel */ = {
			isa = XCBuildConfiguration;
			buildSettings = {
				ONLY_ACTIVE_ARCH = YES;
				SDKROOT = /Applications/Xcode.app/Contents/Developer/Platforms/MacOSX.platform/Developer/SDKs/MacOSX10.11.sdk;
				SYMROOT = /Users/yanai/Desktop/Connection/Server/xcode/build;
			};
			name = MinSizeRel;
		};
		5D01A7C51CB84001A1ED9F34 /* Release */ = {
			isa = XCBuildConfiguration;
			buildSettings = {
				COMBINE_HIDPI_IMAGES = YES;
				GCC_GENERATE_DEBUGGING_SYMBOLS = YES;
				GCC_INLINES_ARE_PRIVATE_EXTERN = NO;
				GCC_OPTIMIZATION_LEVEL = 0;
				GCC_PREPROCESSOR_DEFINITIONS = ("'CMAKE_INTDIR=\"$(CONFIGURATION)$(EFFECTIVE_PLATFORM_NAME)\"'", );
				GCC_SYMBOLS_PRIVATE_EXTERN = NO;
				INSTALL_PATH = "";
				OTHER_LDFLAGS = " ";
				OTHER_REZFLAGS = "";
				PRODUCT_NAME = ALL_BUILD;
				SECTORDER_FLAGS = "";
				SYMROOT = /Users/yanai/Desktop/Connection/Server/xcode;
				USE_HEADERMAP = NO;
				WARNING_CFLAGS = ("-Wmost", "-Wno-four-char-constants", "-Wno-unknown-pragmas", "$(inherited)", );
			};
			name = Release;
		};
		756999B5075E4432A7807007 /* MinSizeRel */ = {
			isa = XCBuildConfiguration;
			buildSettings = {
				COMBINE_HIDPI_IMAGES = YES;
				GCC_GENERATE_DEBUGGING_SYMBOLS = YES;
				GCC_INLINES_ARE_PRIVATE_EXTERN = NO;
				GCC_OPTIMIZATION_LEVEL = 0;
				GCC_PREPROCESSOR_DEFINITIONS = ("'CMAKE_INTDIR=\"$(CONFIGURATION)$(EFFECTIVE_PLATFORM_NAME)\"'", );
				GCC_SYMBOLS_PRIVATE_EXTERN = NO;
				INSTALL_PATH = "";
				OTHER_LDFLAGS = " ";
				OTHER_REZFLAGS = "";
				PRODUCT_NAME = ZERO_CHECK;
				SECTORDER_FLAGS = "";
				SYMROOT = /Users/yanai/Desktop/Connection/Server/xcode;
				USE_HEADERMAP = NO;
				WARNING_CFLAGS = ("-Wmost", "-Wno-four-char-constants", "-Wno-unknown-pragmas", "$(inherited)", );
			};
			name = MinSizeRel;
		};
		81E063D841EC4A14A4A1DFDE /* Debug */ = {
			isa = XCBuildConfiguration;
			buildSettings = {
				ONLY_ACTIVE_ARCH = YES;
				SDKROOT = /Applications/Xcode.app/Contents/Developer/Platforms/MacOSX.platform/Developer/SDKs/MacOSX10.11.sdk;
				SYMROOT = /Users/yanai/Desktop/Connection/Server/xcode/build;
			};
			name = Debug;
		};
		87F3E229B1BA499F8E9AC75A /* RelWithDebInfo */ = {
			isa = XCBuildConfiguration;
			buildSettings = {
				COMBINE_HIDPI_IMAGES = YES;
				EXECUTABLE_PREFIX = "";
				EXECUTABLE_SUFFIX = "";
				GCC_GENERATE_DEBUGGING_SYMBOLS = YES;
				GCC_INLINES_ARE_PRIVATE_EXTERN = NO;
				GCC_OPTIMIZATION_LEVEL = 2;
				GCC_PREPROCESSOR_DEFINITIONS = ("'CMAKE_INTDIR=\"$(CONFIGURATION)$(EFFECTIVE_PLATFORM_NAME)\"'", );
				GCC_SYMBOLS_PRIVATE_EXTERN = NO;
				HEADER_SEARCH_PATHS = (/Users/yanai/Desktop/Connection/Server/include, );
				INSTALL_PATH = "";
				LIBRARY_SEARCH_PATHS = "";
				OTHER_CPLUSPLUSFLAGS = "       -DNDEBUG   -std=c++14";
				OTHER_LDFLAGS = " -Wl,-search_paths_first -Wl,-headerpad_max_install_names  /Users/yanai/Desktop/Connection/Server/xcode/src/Udp/RelWithDebInfo/libUdp.a";
				OTHER_REZFLAGS = "";
				PRODUCT_NAME = Server;
				SECTORDER_FLAGS = "";
				SYMROOT = /Users/yanai/Desktop/Connection/Server/xcode/src;
				USE_HEADERMAP = NO;
				WARNING_CFLAGS = ("-Wmost", "-Wno-four-char-constants", "-Wno-unknown-pragmas", "$(inherited)", );
			};
			name = RelWithDebInfo;
		};
		8A04D87DFB1E44ACB4D50A47 /* MinSizeRel */ = {
			isa = XCBuildConfiguration;
			buildSettings = {
				COMBINE_HIDPI_IMAGES = YES;
				GCC_GENERATE_DEBUGGING_SYMBOLS = YES;
				GCC_INLINES_ARE_PRIVATE_EXTERN = NO;
				GCC_OPTIMIZATION_LEVEL = 0;
				GCC_PREPROCESSOR_DEFINITIONS = ("'CMAKE_INTDIR=\"$(CONFIGURATION)$(EFFECTIVE_PLATFORM_NAME)\"'", );
				GCC_SYMBOLS_PRIVATE_EXTERN = NO;
				INSTALL_PATH = "";
				OTHER_LDFLAGS = " ";
				OTHER_REZFLAGS = "";
				PRODUCT_NAME = ALL_BUILD;
				SECTORDER_FLAGS = "";
				SYMROOT = /Users/yanai/Desktop/Connection/Server/xcode;
				USE_HEADERMAP = NO;
				WARNING_CFLAGS = ("-Wmost", "-Wno-four-char-constants", "-Wno-unknown-pragmas", "$(inherited)", );
			};
			name = MinSizeRel;
		};
		A43B51F6F13F4731ABACE1A1 /* MinSizeRel */ = {
			isa = XCBuildConfiguration;
			buildSettings = {
				COMBINE_HIDPI_IMAGES = YES;
				EXECUTABLE_PREFIX = lib;
				EXECUTABLE_SUFFIX = .a;
				GCC_GENERATE_DEBUGGING_SYMBOLS = NO;
				GCC_INLINES_ARE_PRIVATE_EXTERN = NO;
				GCC_OPTIMIZATION_LEVEL = s;
				GCC_PREPROCESSOR_DEFINITIONS = ("'CMAKE_INTDIR=\"$(CONFIGURATION)$(EFFECTIVE_PLATFORM_NAME)\"'", );
				GCC_SYMBOLS_PRIVATE_EXTERN = NO;
				HEADER_SEARCH_PATHS = (/Users/yanai/Desktop/Connection/Server/include, );
				INSTALL_PATH = "";
				LIBRARY_STYLE = STATIC;
				OTHER_CPLUSPLUSFLAGS = "    -DNDEBUG   -std=c++14";
				OTHER_LIBTOOLFLAGS = " ";
				OTHER_REZFLAGS = "";
				PRODUCT_NAME = Udp;
				SECTORDER_FLAGS = "";
				SYMROOT = /Users/yanai/Desktop/Connection/Server/xcode/src/Udp;
				USE_HEADERMAP = NO;
				WARNING_CFLAGS = ("-Wmost", "-Wno-four-char-constants", "-Wno-unknown-pragmas", "$(inherited)", );
			};
			name = MinSizeRel;
		};
		A7E4E33D6F8B402690673C79 /* Release */ = {
			isa = XCBuildConfiguration;
			buildSettings = {
				ONLY_ACTIVE_ARCH = YES;
				SDKROOT = /Applications/Xcode.app/Contents/Developer/Platforms/MacOSX.platform/Developer/SDKs/MacOSX10.11.sdk;
				SYMROOT = /Users/yanai/Desktop/Connection/Server/xcode/build;
			};
			name = Release;
		};
		C21A13705E90457C86861ECE /* RelWithDebInfo */ = {
			isa = XCBuildConfiguration;
			buildSettings = {
				COMBINE_HIDPI_IMAGES = YES;
				EXECUTABLE_PREFIX = lib;
				EXECUTABLE_SUFFIX = .a;
				GCC_GENERATE_DEBUGGING_SYMBOLS = YES;
				GCC_INLINES_ARE_PRIVATE_EXTERN = NO;
				GCC_OPTIMIZATION_LEVEL = 2;
				GCC_PREPROCESSOR_DEFINITIONS = ("'CMAKE_INTDIR=\"$(CONFIGURATION)$(EFFECTIVE_PLATFORM_NAME)\"'", );
				GCC_SYMBOLS_PRIVATE_EXTERN = NO;
				HEADER_SEARCH_PATHS = (/Users/yanai/Desktop/Connection/Server/include, );
				INSTALL_PATH = "";
				LIBRARY_STYLE = STATIC;
				OTHER_CPLUSPLUSFLAGS = "       -DNDEBUG   -std=c++14";
				OTHER_LIBTOOLFLAGS = " ";
				OTHER_REZFLAGS = "";
				PRODUCT_NAME = Udp;
				SECTORDER_FLAGS = "";
				SYMROOT = /Users/yanai/Desktop/Connection/Server/xcode/src/Udp;
				USE_HEADERMAP = NO;
				WARNING_CFLAGS = ("-Wmost", "-Wno-four-char-constants", "-Wno-unknown-pragmas", "$(inherited)", );
			};
			name = RelWithDebInfo;
		};
		CCBD9FFF96CF47D98B561FF9 /* RelWithDebInfo */ = {
			isa = XCBuildConfiguration;
			buildSettings = {
				ONLY_ACTIVE_ARCH = YES;
				SDKROOT = /Applications/Xcode.app/Contents/Developer/Platforms/MacOSX.platform/Developer/SDKs/MacOSX10.11.sdk;
				SYMROOT = /Users/yanai/Desktop/Connection/Server/xcode/build;
			};
			name = RelWithDebInfo;
		};
		D6BC6DB554D644E784E3EC9B /* RelWithDebInfo */ = {
			isa = XCBuildConfiguration;
			buildSettings = {
				COMBINE_HIDPI_IMAGES = YES;
				GCC_GENERATE_DEBUGGING_SYMBOLS = YES;
				GCC_INLINES_ARE_PRIVATE_EXTERN = NO;
				GCC_OPTIMIZATION_LEVEL = 0;
				GCC_PREPROCESSOR_DEFINITIONS = ("'CMAKE_INTDIR=\"$(CONFIGURATION)$(EFFECTIVE_PLATFORM_NAME)\"'", );
				GCC_SYMBOLS_PRIVATE_EXTERN = NO;
				INSTALL_PATH = "";
				OTHER_LDFLAGS = " ";
				OTHER_REZFLAGS = "";
				PRODUCT_NAME = ALL_BUILD;
				SECTORDER_FLAGS = "";
				SYMROOT = /Users/yanai/Desktop/Connection/Server/xcode;
				USE_HEADERMAP = NO;
				WARNING_CFLAGS = ("-Wmost", "-Wno-four-char-constants", "-Wno-unknown-pragmas", "$(inherited)", );
			};
			name = RelWithDebInfo;
		};
		F00ECC0C7B1F47C68711ABBB /* Debug */ = {
			isa = XCBuildConfiguration;
			buildSettings = {
				COMBINE_HIDPI_IMAGES = YES;
				GCC_GENERATE_DEBUGGING_SYMBOLS = YES;
				GCC_INLINES_ARE_PRIVATE_EXTERN = NO;
				GCC_OPTIMIZATION_LEVEL = 0;
				GCC_PREPROCESSOR_DEFINITIONS = ("'CMAKE_INTDIR=\"$(CONFIGURATION)$(EFFECTIVE_PLATFORM_NAME)\"'", );
				GCC_SYMBOLS_PRIVATE_EXTERN = NO;
				INSTALL_PATH = "";
				OTHER_LDFLAGS = " ";
				OTHER_REZFLAGS = "";
				PRODUCT_NAME = ZERO_CHECK;
				SECTORDER_FLAGS = "";
				SYMROOT = /Users/yanai/Desktop/Connection/Server/xcode;
				USE_HEADERMAP = NO;
				WARNING_CFLAGS = ("-Wmost", "-Wno-four-char-constants", "-Wno-unknown-pragmas", "$(inherited)", );
			};
			name = Debug;
		};
		F9868158B60F467896C3C3D5 /* Release */ = {
			isa = XCBuildConfiguration;
			buildSettings = {
				COMBINE_HIDPI_IMAGES = YES;
				EXECUTABLE_PREFIX = "";
				EXECUTABLE_SUFFIX = "";
				GCC_GENERATE_DEBUGGING_SYMBOLS = NO;
				GCC_INLINES_ARE_PRIVATE_EXTERN = NO;
				GCC_OPTIMIZATION_LEVEL = 3;
				GCC_PREPROCESSOR_DEFINITIONS = ("'CMAKE_INTDIR=\"$(CONFIGURATION)$(EFFECTIVE_PLATFORM_NAME)\"'", );
				GCC_SYMBOLS_PRIVATE_EXTERN = NO;
				HEADER_SEARCH_PATHS = (/Users/yanai/Desktop/Connection/Server/include, );
				INSTALL_PATH = "";
				LIBRARY_SEARCH_PATHS = "";
				OTHER_CPLUSPLUSFLAGS = "    -DNDEBUG   -std=c++14";
				OTHER_LDFLAGS = " -Wl,-search_paths_first -Wl,-headerpad_max_install_names  /Users/yanai/Desktop/Connection/Server/xcode/src/Udp/Release/libUdp.a";
				OTHER_REZFLAGS = "";
				PRODUCT_NAME = Server;
				SECTORDER_FLAGS = "";
				SYMROOT = /Users/yanai/Desktop/Connection/Server/xcode/src;
				USE_HEADERMAP = NO;
				WARNING_CFLAGS = ("-Wmost", "-Wno-four-char-constants", "-Wno-unknown-pragmas", "$(inherited)", );
			};
			name = Release;
		};
/* End XCBuildConfiguration section */

/* Begin XCConfigurationList section */
		1F2B3DCD431548F19503D1CF /* Build configuration list for PBXAggregateTarget "ZERO_CHECK" */ = {
			isa = XCConfigurationList;
			buildConfigurations = (
				F00ECC0C7B1F47C68711ABBB /* Debug */,
				0F14B2FD2AC345AE99E7CE5A /* Release */,
				756999B5075E4432A7807007 /* MinSizeRel */,
				01CF96D91A6749CBA84B33DA /* RelWithDebInfo */,
			);
			defaultConfigurationIsVisible = 0;
			defaultConfigurationName = Debug;
		};
		4924C607D2F6492CB2BA73F3 /* Build configuration list for PBXNativeTarget "Udp" */ = {
			isa = XCConfigurationList;
			buildConfigurations = (
				3E15E49443274C158BF52544 /* Debug */,
				2384D1CA63E64EA88C13B272 /* Release */,
				A43B51F6F13F4731ABACE1A1 /* MinSizeRel */,
				C21A13705E90457C86861ECE /* RelWithDebInfo */,
			);
			defaultConfigurationIsVisible = 0;
			defaultConfigurationName = Debug;
		};
		4D2B1D28406440678E7F1506 /* Build configuration list for PBXAggregateTarget "ALL_BUILD" */ = {
			isa = XCConfigurationList;
			buildConfigurations = (
				372DD0643193462988711A16 /* Debug */,
				5D01A7C51CB84001A1ED9F34 /* Release */,
				8A04D87DFB1E44ACB4D50A47 /* MinSizeRel */,
				D6BC6DB554D644E784E3EC9B /* RelWithDebInfo */,
			);
			defaultConfigurationIsVisible = 0;
			defaultConfigurationName = Debug;
		};
		7B69EB7CB8EB46BF964D5B4B /* Build configuration list for PBXNativeTarget "Server" */ = {
			isa = XCConfigurationList;
			buildConfigurations = (
				3245069D0FEC4BC7AD388D59 /* Debug */,
				F9868158B60F467896C3C3D5 /* Release */,
				36DC580781344C4E9C58F5A8 /* MinSizeRel */,
				87F3E229B1BA499F8E9AC75A /* RelWithDebInfo */,
			);
			defaultConfigurationIsVisible = 0;
			defaultConfigurationName = Debug;
		};
		F7DC29657A7B4F3A9B67FCA6 /* Build configuration list for PBXProject "Server" */ = {
			isa = XCConfigurationList;
			buildConfigurations = (
				81E063D841EC4A14A4A1DFDE /* Debug */,
				A7E4E33D6F8B402690673C79 /* Release */,
				58C400B691D8443181E6B315 /* MinSizeRel */,
				CCBD9FFF96CF47D98B561FF9 /* RelWithDebInfo */,
			);
			defaultConfigurationIsVisible = 0;
			defaultConfigurationName = Debug;
		};
/* End XCConfigurationList section */
	};
	rootObject = 2008AB2E9FBE4A59BFE451F0 /* Project object */;
}
