// !$*UTF8*$!
{
	archiveVersion = 1;
	classes = {
	};
	objectVersion = 46;
	objects = {

/* Begin PBXAggregateTarget section */
		52362227BF13474FB3CFD889 /* ALL_BUILD */ = {
			isa = PBXAggregateTarget;
			buildConfigurationList = 6D0D8EAAC1C84ED7AF2D8A44 /* Build configuration list for PBXAggregateTarget "ALL_BUILD" */;
			buildPhases = (
				6CFAC174772B427EA0BBF933 /* CMake Rules */,
			);
			dependencies = (
				4230219620404352962DF413 /* PBXTargetDependency */,
				70F8F9E3B80A420D9C3F15EE /* PBXTargetDependency */,
				5D165A8EC0D641988B385DD8 /* PBXTargetDependency */,
			);
			name = ALL_BUILD;
			productName = ALL_BUILD;
		};
		F790D748D3604DAC918894A4 /* ZERO_CHECK */ = {
			isa = PBXAggregateTarget;
			buildConfigurationList = 4F3C525EC2AC44B49B2C774F /* Build configuration list for PBXAggregateTarget "ZERO_CHECK" */;
			buildPhases = (
				579E686283174D9A9BEEF7AF /* CMake Rules */,
			);
			dependencies = (
			);
			name = ZERO_CHECK;
			productName = ZERO_CHECK;
		};
/* End PBXAggregateTarget section */

/* Begin PBXBuildFile section */
		2D5D727191B5404883CA6702 /* /Users/yanai/Desktop/Connection/Server/src/Udp/udp.cpp */ = {isa = PBXBuildFile; fileRef = D1B88CA360A94BDBB6394303 /* /Users/yanai/Desktop/Connection/Server/src/Udp/udp.cpp */; settings = {COMPILER_FLAGS = ""; }; };
		4B96A794E05C4719BAF71D1A /* /Users/yanai/Desktop/Connection/Server/src/CMakeLists.txt */ = {isa = PBXBuildFile; fileRef = 9026080C1B3143D682049442 /* /Users/yanai/Desktop/Connection/Server/src/CMakeLists.txt */; settings = {COMPILER_FLAGS = ""; }; };
		7981A6878C06486FA0FA4888 /* /Users/yanai/Desktop/Connection/Server/src/main.cpp */ = {isa = PBXBuildFile; fileRef = 17BE7F0CA2574731972618A6 /* /Users/yanai/Desktop/Connection/Server/src/main.cpp */; settings = {COMPILER_FLAGS = ""; }; };
		7A60C7E8420B48BC8A2C5C8E /* /Users/yanai/Desktop/Connection/Server/src/Udp/udp.hpp */ = {isa = PBXBuildFile; fileRef = C042DFA33ABE47C6896622D8 /* /Users/yanai/Desktop/Connection/Server/src/Udp/udp.hpp */; settings = {COMPILER_FLAGS = ""; }; };
		A6D1C293FECE449F821297BB /* /Users/yanai/Desktop/Connection/Server/src/Udp/CMakeLists.txt */ = {isa = PBXBuildFile; fileRef = 5DC8E838F76A423EB29E1A45 /* /Users/yanai/Desktop/Connection/Server/src/Udp/CMakeLists.txt */; settings = {COMPILER_FLAGS = ""; }; };
/* End PBXBuildFile section */

/* Begin PBXBuildStyle section */
		0BEA24F95B4945069AC0443F /* RelWithDebInfo */ = {
			isa = PBXBuildStyle;
			buildSettings = {
				COPY_PHASE_STRIP = NO;
			};
			name = RelWithDebInfo;
		};
		489369DE64ED41A0B6F8722B = {
			isa = PBXBuildStyle;
		};
		50561BFB6FD04615864CB292 /* Debug */ = {
			isa = PBXBuildStyle;
			buildSettings = {
				COPY_PHASE_STRIP = NO;
			};
			name = Debug;
		};
		B8AE343473AF40FBB01DD712 /* MinSizeRel */ = {
			isa = PBXBuildStyle;
			buildSettings = {
				COPY_PHASE_STRIP = NO;
			};
			name = MinSizeRel;
		};
		D440807DCA5B4DD292C88018 /* Release */ = {
			isa = PBXBuildStyle;
			buildSettings = {
				COPY_PHASE_STRIP = NO;
			};
			name = Release;
		};
/* End PBXBuildStyle section */

/* Begin PBXContainerItemProxy section */
		17064D7E36874D4E98C6F010 /* PBXContainerItemProxy */ = {
			isa = PBXContainerItemProxy;
			containerPortal = 2008AB2E9FBE4A59BFE451F0 /* Project object */;
			proxyType = 1;
			remoteGlobalIDString = F790D748D3604DAC918894A4;
			remoteInfo = ZERO_CHECK;
		};
		1FBA96EE9F7C4E48B9ABFE3D /* PBXContainerItemProxy */ = {
			isa = PBXContainerItemProxy;
			containerPortal = 2008AB2E9FBE4A59BFE451F0 /* Project object */;
			proxyType = 1;
			remoteGlobalIDString = F790D748D3604DAC918894A4;
			remoteInfo = ZERO_CHECK;
		};
		1FC7C0A81959481CA517E1C1 /* PBXContainerItemProxy */ = {
			isa = PBXContainerItemProxy;
			containerPortal = 2008AB2E9FBE4A59BFE451F0 /* Project object */;
			proxyType = 1;
			remoteGlobalIDString = EC7B73E65B5346ACAAE0D058;
			remoteInfo = Udp;
		};
		221F06235D174461BDF3C96A /* PBXContainerItemProxy */ = {
			isa = PBXContainerItemProxy;
			containerPortal = 2008AB2E9FBE4A59BFE451F0 /* Project object */;
			proxyType = 1;
			remoteGlobalIDString = F790D748D3604DAC918894A4;
			remoteInfo = ZERO_CHECK;
		};
		447FC15ED45646A7A9AA27E9 /* PBXContainerItemProxy */ = {
			isa = PBXContainerItemProxy;
			containerPortal = 2008AB2E9FBE4A59BFE451F0 /* Project object */;
			proxyType = 1;
			remoteGlobalIDString = EC7B73E65B5346ACAAE0D058;
			remoteInfo = Udp;
		};
		C71B3ABF9FEA408881D61A43 /* PBXContainerItemProxy */ = {
			isa = PBXContainerItemProxy;
			containerPortal = 2008AB2E9FBE4A59BFE451F0 /* Project object */;
			proxyType = 1;
			remoteGlobalIDString = 5451CFF903544B388CD89539;
			remoteInfo = Server;
		};
/* End PBXContainerItemProxy section */

/* Begin PBXFileReference section */
		17BE7F0CA2574731972618A6 /* /Users/yanai/Desktop/Connection/Server/src/main.cpp */ = {isa = PBXFileReference; explicitFileType = sourcecode.cpp.cpp; fileEncoding = 4; name = main.cpp; path = src/main.cpp; sourceTree = SOURCE_ROOT; };
		3EDA2F5A10074221AB8E2129 /* /Users/yanai/Desktop/Connection/Server/CMakeLists.txt */ = {isa = PBXFileReference; explicitFileType = sourcecode.text; fileEncoding = 4; name = CMakeLists.txt; path = CMakeLists.txt; sourceTree = SOURCE_ROOT; };
		4FC907F4B18D45F49AD6F7D5 /* Udp */ = {isa = PBXFileReference; explicitFileType = archive.ar; path = libUdp.a; refType = 0; sourceTree = BUILT_PRODUCTS_DIR; };
		5DC8E838F76A423EB29E1A45 /* /Users/yanai/Desktop/Connection/Server/src/Udp/CMakeLists.txt */ = {isa = PBXFileReference; explicitFileType = sourcecode.text; fileEncoding = 4; name = CMakeLists.txt; path = src/Udp/CMakeLists.txt; sourceTree = SOURCE_ROOT; };
		8AEE100539C84B33A40E20B1 /* /Users/yanai/Desktop/Connection/Server/CMakeLists.txt */ = {isa = PBXFileReference; explicitFileType = sourcecode.text; fileEncoding = 4; name = CMakeLists.txt; path = CMakeLists.txt; sourceTree = SOURCE_ROOT; };
		8D6E1B63518C4B75B8969605 /* Server */ = {isa = PBXFileReference; explicitFileType = "compiled.mach-o.executable"; path = Server; refType = 0; sourceTree = BUILT_PRODUCTS_DIR; };
		9026080C1B3143D682049442 /* /Users/yanai/Desktop/Connection/Server/src/CMakeLists.txt */ = {isa = PBXFileReference; explicitFileType = sourcecode.text; fileEncoding = 4; name = CMakeLists.txt; path = src/CMakeLists.txt; sourceTree = SOURCE_ROOT; };
		C042DFA33ABE47C6896622D8 /* /Users/yanai/Desktop/Connection/Server/src/Udp/udp.hpp */ = {isa = PBXFileReference; explicitFileType = sourcecode.cpp.h; fileEncoding = 4; name = udp.hpp; path = src/Udp/udp.hpp; sourceTree = SOURCE_ROOT; };
		D1B88CA360A94BDBB6394303 /* /Users/yanai/Desktop/Connection/Server/src/Udp/udp.cpp */ = {isa = PBXFileReference; explicitFileType = sourcecode.cpp.cpp; fileEncoding = 4; name = udp.cpp; path = src/Udp/udp.cpp; sourceTree = SOURCE_ROOT; };
/* End PBXFileReference section */

/* Begin PBXGroup section */
		230B576C0C4946749D3A5FAA /* Source Files */ = {
			isa = PBXGroup;
			children = (
				17BE7F0CA2574731972618A6 /* /Users/yanai/Desktop/Connection/Server/src/main.cpp */,
			);
			name = "Source Files";
			sourceTree = "<group>";
		};
		63BC65A3C7A444678CD59673 = {
			isa = PBXGroup;
			children = (
				C590D7EB19D24B28AB0633B3 /* Sources */,
				E64FF6AF40F046D9BFE2FA26 /* Resources */,
				7AE8596EF96C4E47BFF2E57D /* Products */,
			);
			sourceTree = "<group>";
		};
		788E94016C7A4F178974B09A /* Source Files */ = {
			isa = PBXGroup;
			children = (
				D1B88CA360A94BDBB6394303 /* /Users/yanai/Desktop/Connection/Server/src/Udp/udp.cpp */,
			);
			name = "Source Files";
			sourceTree = "<group>";
		};
		7AE8596EF96C4E47BFF2E57D /* Products */ = {
			isa = PBXGroup;
			children = (
				8D6E1B63518C4B75B8969605 /* Server */,
				4FC907F4B18D45F49AD6F7D5 /* Udp */,
			);
			name = Products;
			sourceTree = "<group>";
		};
		A6A4A5537E3245A48F852F7D /* Server */ = {
			isa = PBXGroup;
			children = (
				230B576C0C4946749D3A5FAA /* Source Files */,
				9026080C1B3143D682049442 /* /Users/yanai/Desktop/Connection/Server/src/CMakeLists.txt */,
			);
			name = Server;
			sourceTree = "<group>";
		};
		BA6A4FE766CD4109BED78444 /* Udp */ = {
			isa = PBXGroup;
			children = (
				BDBF5EE2476E4B05838CD0D5 /* Header Files */,
				788E94016C7A4F178974B09A /* Source Files */,
				5DC8E838F76A423EB29E1A45 /* /Users/yanai/Desktop/Connection/Server/src/Udp/CMakeLists.txt */,
			);
			name = Udp;
			sourceTree = "<group>";
		};
		BDBF5EE2476E4B05838CD0D5 /* Header Files */ = {
			isa = PBXGroup;
			children = (
				C042DFA33ABE47C6896622D8 /* /Users/yanai/Desktop/Connection/Server/src/Udp/udp.hpp */,
			);
			name = "Header Files";
			sourceTree = "<group>";
		};
		C590D7EB19D24B28AB0633B3 /* Sources */ = {
			isa = PBXGroup;
			children = (
				D77E39C1650544C4B6EA16CD /* ALL_BUILD */,
				D53B81E978BE4DB0A1F039BE /* ZERO_CHECK */,
				A6A4A5537E3245A48F852F7D /* Server */,
				BA6A4FE766CD4109BED78444 /* Udp */,
			);
			name = Sources;
			sourceTree = "<group>";
		};
		CC090B606C0F4825865C9A82 /* CMake Rules */ = {
			isa = PBXGroup;
			children = (
			);
			name = "CMake Rules";
			sourceTree = "<group>";
		};
		D53B81E978BE4DB0A1F039BE /* ZERO_CHECK */ = {
			isa = PBXGroup;
			children = (
				CC090B606C0F4825865C9A82 /* CMake Rules */,
				8AEE100539C84B33A40E20B1 /* /Users/yanai/Desktop/Connection/Server/CMakeLists.txt */,
			);
			name = ZERO_CHECK;
			sourceTree = "<group>";
		};
		D77E39C1650544C4B6EA16CD /* ALL_BUILD */ = {
			isa = PBXGroup;
			children = (
				FAA47A8DDBDE476EA7C84482 /* CMake Rules */,
				3EDA2F5A10074221AB8E2129 /* /Users/yanai/Desktop/Connection/Server/CMakeLists.txt */,
			);
			name = ALL_BUILD;
			sourceTree = "<group>";
		};
		E64FF6AF40F046D9BFE2FA26 /* Resources */ = {
			isa = PBXGroup;
			children = (
			);
			name = Resources;
			sourceTree = "<group>";
		};
		FAA47A8DDBDE476EA7C84482 /* CMake Rules */ = {
			isa = PBXGroup;
			children = (
			);
			name = "CMake Rules";
			sourceTree = "<group>";
		};
/* End PBXGroup section */

/* Begin PBXNativeTarget section */
		5451CFF903544B388CD89539 /* Server */ = {
			isa = PBXNativeTarget;
			buildConfigurationList = B958670B4ACF4E3F948DF6AE /* Build configuration list for PBXNativeTarget "Server" */;
			buildPhases = (
				1A49FA878A524CC3802EF250 /* Sources */,
			);
			buildRules = (
			);
			dependencies = (
				7A88D3AD2C1441F68B78F411 /* PBXTargetDependency */,
				F81F8405E1924C1BA932C1C8 /* PBXTargetDependency */,
			);
			name = Server;
			productName = Server;
			productReference = 8D6E1B63518C4B75B8969605 /* Server */;
			productType = "com.apple.product-type.tool";
		};
		EC7B73E65B5346ACAAE0D058 /* Udp */ = {
			isa = PBXNativeTarget;
			buildConfigurationList = BE34C0BB9872441F84671D88 /* Build configuration list for PBXNativeTarget "Udp" */;
			buildPhases = (
				559B36B660F3420AA484D820 /* Sources */,
			);
			buildRules = (
			);
			dependencies = (
				F1DA341D27C94A8BBBCEE653 /* PBXTargetDependency */,
			);
			name = Udp;
			productName = Udp;
			productReference = 4FC907F4B18D45F49AD6F7D5 /* Udp */;
			productType = "com.apple.product-type.library.static";
		};
/* End PBXNativeTarget section */

/* Begin PBXProject section */
		2008AB2E9FBE4A59BFE451F0 /* Project object */ = {
			isa = PBXProject;
			attributes = {
				BuildIndependentTargetsInParallel = YES;
				LastUpgradeCheck = 0730;
			};
			buildConfigurationList = 8C8182BF1D7B440DB60B5AE0 /* Build configuration list for PBXProject "Server" */;
			buildSettings = {
			};
			buildStyles = (
				50561BFB6FD04615864CB292 /* Debug */,
				D440807DCA5B4DD292C88018 /* Release */,
				B8AE343473AF40FBB01DD712 /* MinSizeRel */,
				0BEA24F95B4945069AC0443F /* RelWithDebInfo */,
			);
			compatibilityVersion = "Xcode 3.2";
			hasScannedForEncodings = 0;
			mainGroup = 63BC65A3C7A444678CD59673;
			projectDirPath = ../;
			projectRoot = "";
			targets = (
				52362227BF13474FB3CFD889 /* ALL_BUILD */,
				F790D748D3604DAC918894A4 /* ZERO_CHECK */,
				5451CFF903544B388CD89539 /* Server */,
				EC7B73E65B5346ACAAE0D058 /* Udp */,
			);
		};
/* End PBXProject section */

/* Begin PBXShellScriptBuildPhase section */
		579E686283174D9A9BEEF7AF /* CMake Rules */ = {
			isa = PBXShellScriptBuildPhase;
			buildActionMask = 2147483647;
			files = (
			);
			name = "CMake Rules";
			runOnlyForDeploymentPostprocessing = 0;
			shellPath = /bin/sh;
			shellScript = "make -C /Users/yanai/Desktop/Connection/Server/xcode -f /Users/yanai/Desktop/Connection/Server/xcode/CMakeScripts/ZERO_CHECK_cmakeRulesBuildPhase.make$CONFIGURATION all";
			showEnvVarsInLog = 0;
		};
		6CFAC174772B427EA0BBF933 /* CMake Rules */ = {
			isa = PBXShellScriptBuildPhase;
			buildActionMask = 2147483647;
			files = (
			);
			name = "CMake Rules";
			runOnlyForDeploymentPostprocessing = 0;
			shellPath = /bin/sh;
			shellScript = "make -C /Users/yanai/Desktop/Connection/Server/xcode -f /Users/yanai/Desktop/Connection/Server/xcode/CMakeScripts/ALL_BUILD_cmakeRulesBuildPhase.make$CONFIGURATION all";
			showEnvVarsInLog = 0;
		};
		99CA5A493A3A45C3BDCCDE44 = {
			isa = PBXShellScriptBuildPhase;
			buildActionMask = 2147483647;
			files = (
			);
			inputPaths = (
			);
			outputPaths = (
			);
			runOnlyForDeploymentPostprocessing = 0;
			shellPath = /bin/sh;
			shellScript = "# shell script goes here
exit 0";
			showEnvVarsInLog = 0;
		};
		9D39D56447EE4977BF84BE14 = {
			isa = PBXShellScriptBuildPhase;
			buildActionMask = 2147483647;
			files = (
			);
			inputPaths = (
			);
			outputPaths = (
			);
			runOnlyForDeploymentPostprocessing = 0;
			shellPath = /bin/sh;
			shellScript = "# shell script goes here
exit 0";
			showEnvVarsInLog = 0;
		};
/* End PBXShellScriptBuildPhase section */

/* Begin PBXSourcesBuildPhase section */
		1A49FA878A524CC3802EF250 /* Sources */ = {
			isa = PBXSourcesBuildPhase;
			buildActionMask = 2147483647;
			files = (
				7981A6878C06486FA0FA4888 /* /Users/yanai/Desktop/Connection/Server/src/main.cpp */,
			);
			runOnlyForDeploymentPostprocessing = 0;
		};
		559B36B660F3420AA484D820 /* Sources */ = {
			isa = PBXSourcesBuildPhase;
			buildActionMask = 2147483647;
			files = (
				2D5D727191B5404883CA6702 /* /Users/yanai/Desktop/Connection/Server/src/Udp/udp.cpp */,
			);
			runOnlyForDeploymentPostprocessing = 0;
		};
/* End PBXSourcesBuildPhase section */

/* Begin PBXTargetDependency section */
		4230219620404352962DF413 /* PBXTargetDependency */ = {
			isa = PBXTargetDependency;
			target = EC7B73E65B5346ACAAE0D058 /* Udp */;
			targetProxy = 447FC15ED45646A7A9AA27E9 /* PBXContainerItemProxy */;
		};
		5D165A8EC0D641988B385DD8 /* PBXTargetDependency */ = {
			isa = PBXTargetDependency;
			target = F790D748D3604DAC918894A4 /* ZERO_CHECK */;
			targetProxy = 221F06235D174461BDF3C96A /* PBXContainerItemProxy */;
		};
		70F8F9E3B80A420D9C3F15EE /* PBXTargetDependency */ = {
			isa = PBXTargetDependency;
			target = 5451CFF903544B388CD89539 /* Server */;
			targetProxy = C71B3ABF9FEA408881D61A43 /* PBXContainerItemProxy */;
		};
		7A88D3AD2C1441F68B78F411 /* PBXTargetDependency */ = {
			isa = PBXTargetDependency;
			target = EC7B73E65B5346ACAAE0D058 /* Udp */;
			targetProxy = 1FC7C0A81959481CA517E1C1 /* PBXContainerItemProxy */;
		};
		F1DA341D27C94A8BBBCEE653 /* PBXTargetDependency */ = {
			isa = PBXTargetDependency;
			target = F790D748D3604DAC918894A4 /* ZERO_CHECK */;
			targetProxy = 1FBA96EE9F7C4E48B9ABFE3D /* PBXContainerItemProxy */;
		};
		F81F8405E1924C1BA932C1C8 /* PBXTargetDependency */ = {
			isa = PBXTargetDependency;
			target = F790D748D3604DAC918894A4 /* ZERO_CHECK */;
			targetProxy = 17064D7E36874D4E98C6F010 /* PBXContainerItemProxy */;
		};
/* End PBXTargetDependency section */

/* Begin XCBuildConfiguration section */
		29F8BCDFD01348F89120932A /* MinSizeRel */ = {
			isa = XCBuildConfiguration;
			buildSettings = {
				COMBINE_HIDPI_IMAGES = YES;
				EXECUTABLE_PREFIX = "";
				EXECUTABLE_SUFFIX = "";
				GCC_GENERATE_DEBUGGING_SYMBOLS = NO;
				GCC_INLINES_ARE_PRIVATE_EXTERN = NO;
				GCC_OPTIMIZATION_LEVEL = s;
				GCC_PREPROCESSOR_DEFINITIONS = ("'CMAKE_INTDIR=\"$(CONFIGURATION)$(EFFECTIVE_PLATFORM_NAME)\"'", );
				GCC_SYMBOLS_PRIVATE_EXTERN = NO;
				HEADER_SEARCH_PATHS = (/Users/yanai/Desktop/Connection/Server/include, );
				INSTALL_PATH = "";
				LIBRARY_SEARCH_PATHS = "";
				OTHER_CPLUSPLUSFLAGS = "    -DNDEBUG   -std=c++14";
				OTHER_LDFLAGS = " -Wl,-search_paths_first -Wl,-headerpad_max_install_names  /Users/yanai/Desktop/Connection/Server/xcode/src/Udp/MinSizeRel/libUdp.a";
				OTHER_REZFLAGS = "";
				PRODUCT_NAME = Server;
				SECTORDER_FLAGS = "";
				SYMROOT = /Users/yanai/Desktop/Connection/Server/xcode/src;
				USE_HEADERMAP = NO;
				WARNING_CFLAGS = ("-Wmost", "-Wno-four-char-constants", "-Wno-unknown-pragmas", "$(inherited)", );
			};
			name = MinSizeRel;
		};
		2A82CC208D674A3981BC0904 /* RelWithDebInfo */ = {
			isa = XCBuildConfiguration;
			buildSettings = {
				COMBINE_HIDPI_IMAGES = YES;
				GCC_GENERATE_DEBUGGING_SYMBOLS = YES;
				GCC_INLINES_ARE_PRIVATE_EXTERN = NO;
				GCC_OPTIMIZATION_LEVEL = 0;
				GCC_PREPROCESSOR_DEFINITIONS = ("'CMAKE_INTDIR=\"$(CONFIGURATION)$(EFFECTIVE_PLATFORM_NAME)\"'", );
				GCC_SYMBOLS_PRIVATE_EXTERN = NO;
				INSTALL_PATH = "";
				OTHER_LDFLAGS = " ";
				OTHER_REZFLAGS = "";
				PRODUCT_NAME = ALL_BUILD;
				SECTORDER_FLAGS = "";
				SYMROOT = /Users/yanai/Desktop/Connection/Server/xcode;
				USE_HEADERMAP = NO;
				WARNING_CFLAGS = ("-Wmost", "-Wno-four-char-constants", "-Wno-unknown-pragmas", "$(inherited)", );
			};
			name = RelWithDebInfo;
		};
		2C827EAE5DE446F3B1EA0C83 /* Debug */ = {
			isa = XCBuildConfiguration;
			buildSettings = {
				COMBINE_HIDPI_IMAGES = YES;
				GCC_GENERATE_DEBUGGING_SYMBOLS = YES;
				GCC_INLINES_ARE_PRIVATE_EXTERN = NO;
				GCC_OPTIMIZATION_LEVEL = 0;
				GCC_PREPROCESSOR_DEFINITIONS = ("'CMAKE_INTDIR=\"$(CONFIGURATION)$(EFFECTIVE_PLATFORM_NAME)\"'", );
				GCC_SYMBOLS_PRIVATE_EXTERN = NO;
				INSTALL_PATH = "";
				OTHER_LDFLAGS = " ";
				OTHER_REZFLAGS = "";
				PRODUCT_NAME = ALL_BUILD;
				SECTORDER_FLAGS = "";
				SYMROOT = /Users/yanai/Desktop/Connection/Server/xcode;
				USE_HEADERMAP = NO;
				WARNING_CFLAGS = ("-Wmost", "-Wno-four-char-constants", "-Wno-unknown-pragmas", "$(inherited)", );
			};
			name = Debug;
		};
		31A2D146801343AC96C53655 /* MinSizeRel */ = {
			isa = XCBuildConfiguration;
			buildSettings = {
				ONLY_ACTIVE_ARCH = YES;
				SDKROOT = /Applications/Xcode.app/Contents/Developer/Platforms/MacOSX.platform/Developer/SDKs/MacOSX10.11.sdk;
				SYMROOT = /Users/yanai/Desktop/Connection/Server/xcode/build;
			};
			name = MinSizeRel;
		};
		39B69F13FEAD40DEAF8A6813 /* Debug */ = {
			isa = XCBuildConfiguration;
			buildSettings = {
				COMBINE_HIDPI_IMAGES = YES;
				GCC_GENERATE_DEBUGGING_SYMBOLS = YES;
				GCC_INLINES_ARE_PRIVATE_EXTERN = NO;
				GCC_OPTIMIZATION_LEVEL = 0;
				GCC_PREPROCESSOR_DEFINITIONS = ("'CMAKE_INTDIR=\"$(CONFIGURATION)$(EFFECTIVE_PLATFORM_NAME)\"'", );
				GCC_SYMBOLS_PRIVATE_EXTERN = NO;
				INSTALL_PATH = "";
				OTHER_LDFLAGS = " ";
				OTHER_REZFLAGS = "";
				PRODUCT_NAME = ZERO_CHECK;
				SECTORDER_FLAGS = "";
				SYMROOT = /Users/yanai/Desktop/Connection/Server/xcode;
				USE_HEADERMAP = NO;
				WARNING_CFLAGS = ("-Wmost", "-Wno-four-char-constants", "-Wno-unknown-pragmas", "$(inherited)", );
			};
			name = Debug;
		};
		4D386B8011014EAE9499D001 /* Release */ = {
			isa = XCBuildConfiguration;
			buildSettings = {
				ONLY_ACTIVE_ARCH = YES;
				SDKROOT = /Applications/Xcode.app/Contents/Developer/Platforms/MacOSX.platform/Developer/SDKs/MacOSX10.11.sdk;
				SYMROOT = /Users/yanai/Desktop/Connection/Server/xcode/build;
			};
			name = Release;
		};
		61443265ED084677B472443B /* Release */ = {
			isa = XCBuildConfiguration;
			buildSettings = {
				COMBINE_HIDPI_IMAGES = YES;
				GCC_GENERATE_DEBUGGING_SYMBOLS = YES;
				GCC_INLINES_ARE_PRIVATE_EXTERN = NO;
				GCC_OPTIMIZATION_LEVEL = 0;
				GCC_PREPROCESSOR_DEFINITIONS = ("'CMAKE_INTDIR=\"$(CONFIGURATION)$(EFFECTIVE_PLATFORM_NAME)\"'", );
				GCC_SYMBOLS_PRIVATE_EXTERN = NO;
				INSTALL_PATH = "";
				OTHER_LDFLAGS = " ";
				OTHER_REZFLAGS = "";
				PRODUCT_NAME = ZERO_CHECK;
				SECTORDER_FLAGS = "";
				SYMROOT = /Users/yanai/Desktop/Connection/Server/xcode;
				USE_HEADERMAP = NO;
				WARNING_CFLAGS = ("-Wmost", "-Wno-four-char-constants", "-Wno-unknown-pragmas", "$(inherited)", );
			};
			name = Release;
		};
		694602DA60374BF6A802E6AB /* MinSizeRel */ = {
			isa = XCBuildConfiguration;
			buildSettings = {
				COMBINE_HIDPI_IMAGES = YES;
				GCC_GENERATE_DEBUGGING_SYMBOLS = YES;
				GCC_INLINES_ARE_PRIVATE_EXTERN = NO;
				GCC_OPTIMIZATION_LEVEL = 0;
				GCC_PREPROCESSOR_DEFINITIONS = ("'CMAKE_INTDIR=\"$(CONFIGURATION)$(EFFECTIVE_PLATFORM_NAME)\"'", );
				GCC_SYMBOLS_PRIVATE_EXTERN = NO;
				INSTALL_PATH = "";
				OTHER_LDFLAGS = " ";
				OTHER_REZFLAGS = "";
				PRODUCT_NAME = ZERO_CHECK;
				SECTORDER_FLAGS = "";
				SYMROOT = /Users/yanai/Desktop/Connection/Server/xcode;
				USE_HEADERMAP = NO;
				WARNING_CFLAGS = ("-Wmost", "-Wno-four-char-constants", "-Wno-unknown-pragmas", "$(inherited)", );
			};
			name = MinSizeRel;
		};
		69D53EBC427845C183F12D9B /* Debug */ = {
			isa = XCBuildConfiguration;
			buildSettings = {
				ONLY_ACTIVE_ARCH = YES;
				SDKROOT = /Applications/Xcode.app/Contents/Developer/Platforms/MacOSX.platform/Developer/SDKs/MacOSX10.11.sdk;
				SYMROOT = /Users/yanai/Desktop/Connection/Server/xcode/build;
			};
			name = Debug;
		};
		6C1319FF714C451582DF2E91 /* RelWithDebInfo */ = {
			isa = XCBuildConfiguration;
			buildSettings = {
				COMBINE_HIDPI_IMAGES = YES;
				EXECUTABLE_PREFIX = lib;
				EXECUTABLE_SUFFIX = .a;
				GCC_GENERATE_DEBUGGING_SYMBOLS = YES;
				GCC_INLINES_ARE_PRIVATE_EXTERN = NO;
				GCC_OPTIMIZATION_LEVEL = 2;
				GCC_PREPROCESSOR_DEFINITIONS = ("'CMAKE_INTDIR=\"$(CONFIGURATION)$(EFFECTIVE_PLATFORM_NAME)\"'", );
				GCC_SYMBOLS_PRIVATE_EXTERN = NO;
				HEADER_SEARCH_PATHS = (/Users/yanai/Desktop/Connection/Server/include, );
				INSTALL_PATH = "";
				LIBRARY_STYLE = STATIC;
				OTHER_CPLUSPLUSFLAGS = "       -DNDEBUG   -std=c++14";
				OTHER_LIBTOOLFLAGS = " ";
				OTHER_REZFLAGS = "";
				PRODUCT_NAME = Udp;
				SECTORDER_FLAGS = "";
				SYMROOT = /Users/yanai/Desktop/Connection/Server/xcode/src/Udp;
				USE_HEADERMAP = NO;
				WARNING_CFLAGS = ("-Wmost", "-Wno-four-char-constants", "-Wno-unknown-pragmas", "$(inherited)", );
			};
			name = RelWithDebInfo;
		};
		6CC3FD38C3E64AC0862B81A2 /* RelWithDebInfo */ = {
			isa = XCBuildConfiguration;
			buildSettings = {
				COMBINE_HIDPI_IMAGES = YES;
				EXECUTABLE_PREFIX = "";
				EXECUTABLE_SUFFIX = "";
				GCC_GENERATE_DEBUGGING_SYMBOLS = YES;
				GCC_INLINES_ARE_PRIVATE_EXTERN = NO;
				GCC_OPTIMIZATION_LEVEL = 2;
				GCC_PREPROCESSOR_DEFINITIONS = ("'CMAKE_INTDIR=\"$(CONFIGURATION)$(EFFECTIVE_PLATFORM_NAME)\"'", );
				GCC_SYMBOLS_PRIVATE_EXTERN = NO;
				HEADER_SEARCH_PATHS = (/Users/yanai/Desktop/Connection/Server/include, );
				INSTALL_PATH = "";
				LIBRARY_SEARCH_PATHS = "";
				OTHER_CPLUSPLUSFLAGS = "       -DNDEBUG   -std=c++14";
				OTHER_LDFLAGS = " -Wl,-search_paths_first -Wl,-headerpad_max_install_names  /Users/yanai/Desktop/Connection/Server/xcode/src/Udp/RelWithDebInfo/libUdp.a";
				OTHER_REZFLAGS = "";
				PRODUCT_NAME = Server;
				SECTORDER_FLAGS = "";
				SYMROOT = /Users/yanai/Desktop/Connection/Server/xcode/src;
				USE_HEADERMAP = NO;
				WARNING_CFLAGS = ("-Wmost", "-Wno-four-char-constants", "-Wno-unknown-pragmas", "$(inherited)", );
			};
			name = RelWithDebInfo;
		};
		7A3BD13A38274AF69CDE0926 /* Release */ = {
			isa = XCBuildConfiguration;
			buildSettings = {
				COMBINE_HIDPI_IMAGES = YES;
				EXECUTABLE_PREFIX = "";
				EXECUTABLE_SUFFIX = "";
				GCC_GENERATE_DEBUGGING_SYMBOLS = NO;
				GCC_INLINES_ARE_PRIVATE_EXTERN = NO;
				GCC_OPTIMIZATION_LEVEL = 3;
				GCC_PREPROCESSOR_DEFINITIONS = ("'CMAKE_INTDIR=\"$(CONFIGURATION)$(EFFECTIVE_PLATFORM_NAME)\"'", );
				GCC_SYMBOLS_PRIVATE_EXTERN = NO;
				HEADER_SEARCH_PATHS = (/Users/yanai/Desktop/Connection/Server/include, );
				INSTALL_PATH = "";
				LIBRARY_SEARCH_PATHS = "";
				OTHER_CPLUSPLUSFLAGS = "    -DNDEBUG   -std=c++14";
				OTHER_LDFLAGS = " -Wl,-search_paths_first -Wl,-headerpad_max_install_names  /Users/yanai/Desktop/Connection/Server/xcode/src/Udp/Release/libUdp.a";
				OTHER_REZFLAGS = "";
				PRODUCT_NAME = Server;
				SECTORDER_FLAGS = "";
				SYMROOT = /Users/yanai/Desktop/Connection/Server/xcode/src;
				USE_HEADERMAP = NO;
				WARNING_CFLAGS = ("-Wmost", "-Wno-four-char-constants", "-Wno-unknown-pragmas", "$(inherited)", );
			};
			name = Release;
		};
		80A17837EB0047C88FB0DF2C /* Debug */ = {
			isa = XCBuildConfiguration;
			buildSettings = {
				COMBINE_HIDPI_IMAGES = YES;
				EXECUTABLE_PREFIX = "";
				EXECUTABLE_SUFFIX = "";
				GCC_GENERATE_DEBUGGING_SYMBOLS = YES;
				GCC_INLINES_ARE_PRIVATE_EXTERN = NO;
				GCC_OPTIMIZATION_LEVEL = 0;
				GCC_PREPROCESSOR_DEFINITIONS = ("'CMAKE_INTDIR=\"$(CONFIGURATION)$(EFFECTIVE_PLATFORM_NAME)\"'", );
				GCC_SYMBOLS_PRIVATE_EXTERN = NO;
				HEADER_SEARCH_PATHS = (/Users/yanai/Desktop/Connection/Server/include, );
				INSTALL_PATH = "";
				LIBRARY_SEARCH_PATHS = "";
				OTHER_CPLUSPLUSFLAGS = "     -std=c++14";
				OTHER_LDFLAGS = " -Wl,-search_paths_first -Wl,-headerpad_max_install_names  /Users/yanai/Desktop/Connection/Server/xcode/src/Udp/Debug/libUdp.a";
				OTHER_REZFLAGS = "";
				PRODUCT_NAME = Server;
				SECTORDER_FLAGS = "";
				SYMROOT = /Users/yanai/Desktop/Connection/Server/xcode/src;
				USE_HEADERMAP = NO;
				WARNING_CFLAGS = ("-Wmost", "-Wno-four-char-constants", "-Wno-unknown-pragmas", "$(inherited)", );
			};
			name = Debug;
		};
		B001767EDA12462DBD2A99BA /* MinSizeRel */ = {
			isa = XCBuildConfiguration;
			buildSettings = {
				COMBINE_HIDPI_IMAGES = YES;
				GCC_GENERATE_DEBUGGING_SYMBOLS = YES;
				GCC_INLINES_ARE_PRIVATE_EXTERN = NO;
				GCC_OPTIMIZATION_LEVEL = 0;
				GCC_PREPROCESSOR_DEFINITIONS = ("'CMAKE_INTDIR=\"$(CONFIGURATION)$(EFFECTIVE_PLATFORM_NAME)\"'", );
				GCC_SYMBOLS_PRIVATE_EXTERN = NO;
				INSTALL_PATH = "";
				OTHER_LDFLAGS = " ";
				OTHER_REZFLAGS = "";
				PRODUCT_NAME = ALL_BUILD;
				SECTORDER_FLAGS = "";
				SYMROOT = /Users/yanai/Desktop/Connection/Server/xcode;
				USE_HEADERMAP = NO;
				WARNING_CFLAGS = ("-Wmost", "-Wno-four-char-constants", "-Wno-unknown-pragmas", "$(inherited)", );
			};
			name = MinSizeRel;
		};
		B97F2F08A026440189B23A41 /* Debug */ = {
			isa = XCBuildConfiguration;
			buildSettings = {
				COMBINE_HIDPI_IMAGES = YES;
				EXECUTABLE_PREFIX = lib;
				EXECUTABLE_SUFFIX = .a;
				GCC_GENERATE_DEBUGGING_SYMBOLS = YES;
				GCC_INLINES_ARE_PRIVATE_EXTERN = NO;
				GCC_OPTIMIZATION_LEVEL = 0;
				GCC_PREPROCESSOR_DEFINITIONS = ("'CMAKE_INTDIR=\"$(CONFIGURATION)$(EFFECTIVE_PLATFORM_NAME)\"'", );
				GCC_SYMBOLS_PRIVATE_EXTERN = NO;
				HEADER_SEARCH_PATHS = (/Users/yanai/Desktop/Connection/Server/include, );
				INSTALL_PATH = "";
				LIBRARY_STYLE = STATIC;
				OTHER_CPLUSPLUSFLAGS = "     -std=c++14";
				OTHER_LIBTOOLFLAGS = " ";
				OTHER_REZFLAGS = "";
				PRODUCT_NAME = Udp;
				SECTORDER_FLAGS = "";
				SYMROOT = /Users/yanai/Desktop/Connection/Server/xcode/src/Udp;
				USE_HEADERMAP = NO;
				WARNING_CFLAGS = ("-Wmost", "-Wno-four-char-constants", "-Wno-unknown-pragmas", "$(inherited)", );
			};
			name = Debug;
		};
		C2B3C08593334ACCA33C0F05 /* MinSizeRel */ = {
			isa = XCBuildConfiguration;
			buildSettings = {
				COMBINE_HIDPI_IMAGES = YES;
				EXECUTABLE_PREFIX = lib;
				EXECUTABLE_SUFFIX = .a;
				GCC_GENERATE_DEBUGGING_SYMBOLS = NO;
				GCC_INLINES_ARE_PRIVATE_EXTERN = NO;
				GCC_OPTIMIZATION_LEVEL = s;
				GCC_PREPROCESSOR_DEFINITIONS = ("'CMAKE_INTDIR=\"$(CONFIGURATION)$(EFFECTIVE_PLATFORM_NAME)\"'", );
				GCC_SYMBOLS_PRIVATE_EXTERN = NO;
				HEADER_SEARCH_PATHS = (/Users/yanai/Desktop/Connection/Server/include, );
				INSTALL_PATH = "";
				LIBRARY_STYLE = STATIC;
				OTHER_CPLUSPLUSFLAGS = "    -DNDEBUG   -std=c++14";
				OTHER_LIBTOOLFLAGS = " ";
				OTHER_REZFLAGS = "";
				PRODUCT_NAME = Udp;
				SECTORDER_FLAGS = "";
				SYMROOT = /Users/yanai/Desktop/Connection/Server/xcode/src/Udp;
				USE_HEADERMAP = NO;
				WARNING_CFLAGS = ("-Wmost", "-Wno-four-char-constants", "-Wno-unknown-pragmas", "$(inherited)", );
			};
			name = MinSizeRel;
		};
		CB204009A2D64F4BA6D10F82 /* Release */ = {
			isa = XCBuildConfiguration;
			buildSettings = {
				COMBINE_HIDPI_IMAGES = YES;
				GCC_GENERATE_DEBUGGING_SYMBOLS = YES;
				GCC_INLINES_ARE_PRIVATE_EXTERN = NO;
				GCC_OPTIMIZATION_LEVEL = 0;
				GCC_PREPROCESSOR_DEFINITIONS = ("'CMAKE_INTDIR=\"$(CONFIGURATION)$(EFFECTIVE_PLATFORM_NAME)\"'", );
				GCC_SYMBOLS_PRIVATE_EXTERN = NO;
				INSTALL_PATH = "";
				OTHER_LDFLAGS = " ";
				OTHER_REZFLAGS = "";
				PRODUCT_NAME = ALL_BUILD;
				SECTORDER_FLAGS = "";
				SYMROOT = /Users/yanai/Desktop/Connection/Server/xcode;
				USE_HEADERMAP = NO;
				WARNING_CFLAGS = ("-Wmost", "-Wno-four-char-constants", "-Wno-unknown-pragmas", "$(inherited)", );
			};
			name = Release;
		};
		DD60C9CC1224412EA24D0FF2 /* RelWithDebInfo */ = {
			isa = XCBuildConfiguration;
			buildSettings = {
				ONLY_ACTIVE_ARCH = YES;
				SDKROOT = /Applications/Xcode.app/Contents/Developer/Platforms/MacOSX.platform/Developer/SDKs/MacOSX10.11.sdk;
				SYMROOT = /Users/yanai/Desktop/Connection/Server/xcode/build;
			};
			name = RelWithDebInfo;
		};
		F173AC59CC0E463FBDDF4C0F /* Release */ = {
			isa = XCBuildConfiguration;
			buildSettings = {
				COMBINE_HIDPI_IMAGES = YES;
				EXECUTABLE_PREFIX = lib;
				EXECUTABLE_SUFFIX = .a;
				GCC_GENERATE_DEBUGGING_SYMBOLS = NO;
				GCC_INLINES_ARE_PRIVATE_EXTERN = NO;
				GCC_OPTIMIZATION_LEVEL = 3;
				GCC_PREPROCESSOR_DEFINITIONS = ("'CMAKE_INTDIR=\"$(CONFIGURATION)$(EFFECTIVE_PLATFORM_NAME)\"'", );
				GCC_SYMBOLS_PRIVATE_EXTERN = NO;
				HEADER_SEARCH_PATHS = (/Users/yanai/Desktop/Connection/Server/include, );
				INSTALL_PATH = "";
				LIBRARY_STYLE = STATIC;
				OTHER_CPLUSPLUSFLAGS = "    -DNDEBUG   -std=c++14";
				OTHER_LIBTOOLFLAGS = " ";
				OTHER_REZFLAGS = "";
				PRODUCT_NAME = Udp;
				SECTORDER_FLAGS = "";
				SYMROOT = /Users/yanai/Desktop/Connection/Server/xcode/src/Udp;
				USE_HEADERMAP = NO;
				WARNING_CFLAGS = ("-Wmost", "-Wno-four-char-constants", "-Wno-unknown-pragmas", "$(inherited)", );
			};
			name = Release;
		};
		F29520933A2F47A9B9994CB4 /* RelWithDebInfo */ = {
			isa = XCBuildConfiguration;
			buildSettings = {
				COMBINE_HIDPI_IMAGES = YES;
				GCC_GENERATE_DEBUGGING_SYMBOLS = YES;
				GCC_INLINES_ARE_PRIVATE_EXTERN = NO;
				GCC_OPTIMIZATION_LEVEL = 0;
				GCC_PREPROCESSOR_DEFINITIONS = ("'CMAKE_INTDIR=\"$(CONFIGURATION)$(EFFECTIVE_PLATFORM_NAME)\"'", );
				GCC_SYMBOLS_PRIVATE_EXTERN = NO;
				INSTALL_PATH = "";
				OTHER_LDFLAGS = " ";
				OTHER_REZFLAGS = "";
				PRODUCT_NAME = ZERO_CHECK;
				SECTORDER_FLAGS = "";
				SYMROOT = /Users/yanai/Desktop/Connection/Server/xcode;
				USE_HEADERMAP = NO;
				WARNING_CFLAGS = ("-Wmost", "-Wno-four-char-constants", "-Wno-unknown-pragmas", "$(inherited)", );
			};
			name = RelWithDebInfo;
		};
/* End XCBuildConfiguration section */

/* Begin XCConfigurationList section */
		4F3C525EC2AC44B49B2C774F /* Build configuration list for PBXAggregateTarget "ZERO_CHECK" */ = {
			isa = XCConfigurationList;
			buildConfigurations = (
				39B69F13FEAD40DEAF8A6813 /* Debug */,
				61443265ED084677B472443B /* Release */,
				694602DA60374BF6A802E6AB /* MinSizeRel */,
				F29520933A2F47A9B9994CB4 /* RelWithDebInfo */,
			);
			defaultConfigurationIsVisible = 0;
			defaultConfigurationName = Debug;
		};
		6D0D8EAAC1C84ED7AF2D8A44 /* Build configuration list for PBXAggregateTarget "ALL_BUILD" */ = {
			isa = XCConfigurationList;
			buildConfigurations = (
				2C827EAE5DE446F3B1EA0C83 /* Debug */,
				CB204009A2D64F4BA6D10F82 /* Release */,
				B001767EDA12462DBD2A99BA /* MinSizeRel */,
				2A82CC208D674A3981BC0904 /* RelWithDebInfo */,
			);
			defaultConfigurationIsVisible = 0;
			defaultConfigurationName = Debug;
		};
		8C8182BF1D7B440DB60B5AE0 /* Build configuration list for PBXProject "Server" */ = {
			isa = XCConfigurationList;
			buildConfigurations = (
				69D53EBC427845C183F12D9B /* Debug */,
				4D386B8011014EAE9499D001 /* Release */,
				31A2D146801343AC96C53655 /* MinSizeRel */,
				DD60C9CC1224412EA24D0FF2 /* RelWithDebInfo */,
			);
			defaultConfigurationIsVisible = 0;
			defaultConfigurationName = Debug;
		};
		B958670B4ACF4E3F948DF6AE /* Build configuration list for PBXNativeTarget "Server" */ = {
			isa = XCConfigurationList;
			buildConfigurations = (
				80A17837EB0047C88FB0DF2C /* Debug */,
				7A3BD13A38274AF69CDE0926 /* Release */,
				29F8BCDFD01348F89120932A /* MinSizeRel */,
				6CC3FD38C3E64AC0862B81A2 /* RelWithDebInfo */,
			);
			defaultConfigurationIsVisible = 0;
			defaultConfigurationName = Debug;
		};
		BE34C0BB9872441F84671D88 /* Build configuration list for PBXNativeTarget "Udp" */ = {
			isa = XCConfigurationList;
			buildConfigurations = (
				B97F2F08A026440189B23A41 /* Debug */,
				F173AC59CC0E463FBDDF4C0F /* Release */,
				C2B3C08593334ACCA33C0F05 /* MinSizeRel */,
				6C1319FF714C451582DF2E91 /* RelWithDebInfo */,
			);
			defaultConfigurationIsVisible = 0;
			defaultConfigurationName = Debug;
		};
/* End XCConfigurationList section */
	};
	rootObject = 2008AB2E9FBE4A59BFE451F0 /* Project object */;
}
